// !$*UTF8*$!
{
	archiveVersion = 1;
	classes = {
	};
	objectVersion = 46;
	objects = {

/* Begin PBXBuildFile section */
		960BD81F1D50FD6500885DEE /* JXSupplementaryTitleTableView.m in Sources */ = {isa = PBXBuildFile; fileRef = 960BD81E1D50FD6500885DEE /* JXSupplementaryTitleTableView.m */; };
		960BD8221D510BA300885DEE /* JXSupplementaryViewTableView.m in Sources */ = {isa = PBXBuildFile; fileRef = 960BD8211D510BA300885DEE /* JXSupplementaryViewTableView.m */; };
		962058121D57FEEF0085DB4F /* JXHTTPSessionManager.m in Sources */ = {isa = PBXBuildFile; fileRef = 962058111D57FEEF0085DB4F /* JXHTTPSessionManager.m */; };
		962058151D5847C90085DB4F /* NewsModel.m in Sources */ = {isa = PBXBuildFile; fileRef = 962058141D5847C90085DB4F /* NewsModel.m */; };
		962058181D584FBB0085DB4F /* NewsCollectionCell.m in Sources */ = {isa = PBXBuildFile; fileRef = 962058171D584FBB0085DB4F /* NewsCollectionCell.m */; };
		962058221D58D4F20085DB4F /* JXWaterFlowVerLayout.m in Sources */ = {isa = PBXBuildFile; fileRef = 962058211D58D4F20085DB4F /* JXWaterFlowVerLayout.m */; };
		962058261D594B270085DB4F /* PhotoCell.m in Sources */ = {isa = PBXBuildFile; fileRef = 962058241D594B270085DB4F /* PhotoCell.m */; };
		962058271D594B270085DB4F /* PhotoCell.xib in Resources */ = {isa = PBXBuildFile; fileRef = 962058251D594B270085DB4F /* PhotoCell.xib */; };
		9620582A1D594BAD0085DB4F /* Photo.m in Sources */ = {isa = PBXBuildFile; fileRef = 962058291D594BAD0085DB4F /* Photo.m */; };
		9624222E1D4827FB0028A835 /* TYWaterWaveView.m in Sources */ = {isa = PBXBuildFile; fileRef = 9624222B1D4827FB0028A835 /* TYWaterWaveView.m */; };
		9624222F1D4827FB0028A835 /* TYWaveProgressView.m in Sources */ = {isa = PBXBuildFile; fileRef = 9624222D1D4827FB0028A835 /* TYWaveProgressView.m */; };
		9625079D1D461A3100DFF32D /* NSNumber+Coder.m in Sources */ = {isa = PBXBuildFile; fileRef = 9625079C1D461A3100DFF32D /* NSNumber+Coder.m */; };
		96289F151D4E3476000F7665 /* JXFlexibleHeightCollectionView.m in Sources */ = {isa = PBXBuildFile; fileRef = 96289F141D4E3476000F7665 /* JXFlexibleHeightCollectionView.m */; };
		962F2A9D1D6289D100F790C0 /* JXTagChooserView.m in Sources */ = {isa = PBXBuildFile; fileRef = 962F2A9C1D6289D100F790C0 /* JXTagChooserView.m */; };
		962F2B031D63623600F790C0 /* EncryptSymmetry.m in Sources */ = {isa = PBXBuildFile; fileRef = 962F2B021D63623600F790C0 /* EncryptSymmetry.m */; };
		962F2B071D6365D800F790C0 /* JXTagChooserCell.m in Sources */ = {isa = PBXBuildFile; fileRef = 962F2B061D6365D800F790C0 /* JXTagChooserCell.m */; };
		962F2B0C1D63D8B000F790C0 /* JXTagChooserModel.m in Sources */ = {isa = PBXBuildFile; fileRef = 962F2B0B1D63D8B000F790C0 /* JXTagChooserModel.m */; };
		962F2B121D63DB7500F790C0 /* DemoFlexibleWidthViewController.m in Sources */ = {isa = PBXBuildFile; fileRef = 962F2B111D63DB7500F790C0 /* DemoFlexibleWidthViewController.m */; };
		9639AA631D458EEB007719B0 /* JXAbstractBaseTableView.m in Sources */ = {isa = PBXBuildFile; fileRef = 9639A9E51D458EEB007719B0 /* JXAbstractBaseTableView.m */; };
		9639AA651D458EEB007719B0 /* JXBaseNavigationController.m in Sources */ = {isa = PBXBuildFile; fileRef = 9639A9ED1D458EEB007719B0 /* JXBaseNavigationController.m */; };
		9639AA661D458EEB007719B0 /* JXBaseObject.m in Sources */ = {isa = PBXBuildFile; fileRef = 9639A9EF1D458EEB007719B0 /* JXBaseObject.m */; };
		9639AA671D458EEB007719B0 /* JXBasePickerView.m in Sources */ = {isa = PBXBuildFile; fileRef = 9639A9F11D458EEB007719B0 /* JXBasePickerView.m */; };
		9639AA681D458EEB007719B0 /* JXBaseViewController.m in Sources */ = {isa = PBXBuildFile; fileRef = 9639A9F31D458EEB007719B0 /* JXBaseViewController.m */; };
		9639AA701D458EEB007719B0 /* FlowAnalytical.m in Sources */ = {isa = PBXBuildFile; fileRef = 9639AA0C1D458EEB007719B0 /* FlowAnalytical.m */; };
		9639AA711D458EEB007719B0 /* SetMealCellModel.m in Sources */ = {isa = PBXBuildFile; fileRef = 9639AA0E1D458EEB007719B0 /* SetMealCellModel.m */; };
		9639AA721D458EEB007719B0 /* SetMealTableView.m in Sources */ = {isa = PBXBuildFile; fileRef = 9639AA101D458EEB007719B0 /* SetMealTableView.m */; };
		9639AA731D458EEB007719B0 /* SetMealTableViewCell.m in Sources */ = {isa = PBXBuildFile; fileRef = 9639AA121D458EEB007719B0 /* SetMealTableViewCell.m */; };
		9639AA7C1D458EEB007719B0 /* JASTableViewController.m in Sources */ = {isa = PBXBuildFile; fileRef = 9639AA261D458EEB007719B0 /* JASTableViewController.m */; };
		9639AA7D1D458EEB007719B0 /* NSArray+Coder.m in Sources */ = {isa = PBXBuildFile; fileRef = 9639AA2E1D458EEB007719B0 /* NSArray+Coder.m */; };
		9639AA7E1D458EEB007719B0 /* NSData+Coder.m in Sources */ = {isa = PBXBuildFile; fileRef = 9639AA301D458EEB007719B0 /* NSData+Coder.m */; };
		9639AA7F1D458EEB007719B0 /* NSDate+Coder.m in Sources */ = {isa = PBXBuildFile; fileRef = 9639AA321D458EEB007719B0 /* NSDate+Coder.m */; };
		9639AA801D458EEB007719B0 /* NSDictionary+Coder.m in Sources */ = {isa = PBXBuildFile; fileRef = 9639AA341D458EEB007719B0 /* NSDictionary+Coder.m */; };
		9639AA811D458EEB007719B0 /* NSObject+Coder.m in Sources */ = {isa = PBXBuildFile; fileRef = 9639AA361D458EEB007719B0 /* NSObject+Coder.m */; };
		9639AA821D458EEB007719B0 /* NSString+Coder.m in Sources */ = {isa = PBXBuildFile; fileRef = 9639AA381D458EEB007719B0 /* NSString+Coder.m */; };
		9639AA831D458EEB007719B0 /* NSURL+Coder.m in Sources */ = {isa = PBXBuildFile; fileRef = 9639AA3A1D458EEB007719B0 /* NSURL+Coder.m */; };
		9639AA841D458EEB007719B0 /* UIDevice+Coder.m in Sources */ = {isa = PBXBuildFile; fileRef = 9639AA3C1D458EEB007719B0 /* UIDevice+Coder.m */; };
		9639AA851D458EEB007719B0 /* UIImage+Coder.m in Sources */ = {isa = PBXBuildFile; fileRef = 9639AA3E1D458EEB007719B0 /* UIImage+Coder.m */; };
		9639AA861D458EEB007719B0 /* UIView+Coder.m in Sources */ = {isa = PBXBuildFile; fileRef = 9639AA401D458EEB007719B0 /* UIView+Coder.m */; };
		9639AA871D458EEB007719B0 /* UIViewController+Coder.m in Sources */ = {isa = PBXBuildFile; fileRef = 9639AA421D458EEB007719B0 /* UIViewController+Coder.m */; };
		9639AA881D458EEB007719B0 /* JXCircleProgressView.m in Sources */ = {isa = PBXBuildFile; fileRef = 9639AA461D458EEB007719B0 /* JXCircleProgressView.m */; };
		9639AA891D458EEB007719B0 /* JXCircleShapeLayer.m in Sources */ = {isa = PBXBuildFile; fileRef = 9639AA481D458EEB007719B0 /* JXCircleShapeLayer.m */; };
		9639AA8A1D458EEB007719B0 /* JXSession.m in Sources */ = {isa = PBXBuildFile; fileRef = 9639AA4A1D458EEB007719B0 /* JXSession.m */; };
		9639AA8C1D458EEB007719B0 /* BadgeStyle.m in Sources */ = {isa = PBXBuildFile; fileRef = 9639AA511D458EEB007719B0 /* BadgeStyle.m */; };
		9639AA8D1D458EEB007719B0 /* CustomBadge.m in Sources */ = {isa = PBXBuildFile; fileRef = 9639AA531D458EEB007719B0 /* CustomBadge.m */; };
		9639AA8E1D458EEB007719B0 /* CircleProgressBar.m in Sources */ = {isa = PBXBuildFile; fileRef = 9639AA561D458EEB007719B0 /* CircleProgressBar.m */; };
		9639AA8F1D458EEB007719B0 /* DSNumberLabel.m in Sources */ = {isa = PBXBuildFile; fileRef = 9639AA591D458EEB007719B0 /* DSNumberLabel.m */; };
		9639AA901D458EEB007719B0 /* NJDBezierCurve.m in Sources */ = {isa = PBXBuildFile; fileRef = 9639AA5B1D458EEB007719B0 /* NJDBezierCurve.m */; };
		9639AA911D458EEB007719B0 /* Waver.m in Sources */ = {isa = PBXBuildFile; fileRef = 9639AA5E1D458EEB007719B0 /* Waver.m */; };
		9639AA921D458EEB007719B0 /* JXUtils.m in Sources */ = {isa = PBXBuildFile; fileRef = 9639AA621D458EEB007719B0 /* JXUtils.m */; };
		965DB71B1D46D06200C6546D /* BackgroundAudioPlay.m in Sources */ = {isa = PBXBuildFile; fileRef = 965DB71A1D46D06200C6546D /* BackgroundAudioPlay.m */; };
		96844F811D5259A600C37697 /* JXSupplementaryHeaderTitleMix.m in Sources */ = {isa = PBXBuildFile; fileRef = 96844F801D5259A600C37697 /* JXSupplementaryHeaderTitleMix.m */; };
		96844F841D5259C000C37697 /* JXSupplementaryHeaderViewMix.m in Sources */ = {isa = PBXBuildFile; fileRef = 96844F831D5259C000C37697 /* JXSupplementaryHeaderViewMix.m */; };
		9698B92C1D5F688600D593F2 /* JXWaterFlowHorLayout.m in Sources */ = {isa = PBXBuildFile; fileRef = 9698B92B1D5F688600D593F2 /* JXWaterFlowHorLayout.m */; };
		9698B92F1D6139D100D593F2 /* JXFlexibleWidthCollectionView.m in Sources */ = {isa = PBXBuildFile; fileRef = 9698B92E1D6139D100D593F2 /* JXFlexibleWidthCollectionView.m */; };
		96A3E05E1D4DE32200E8431F /* DemoTableViewController.m in Sources */ = {isa = PBXBuildFile; fileRef = 96A3E05D1D4DE32200E8431F /* DemoTableViewController.m */; };
		96A3E0611D4DEEAE00E8431F /* JXFlexibleHeightTableView.m in Sources */ = {isa = PBXBuildFile; fileRef = 96A3E0601D4DEEAE00E8431F /* JXFlexibleHeightTableView.m */; };
		96A3E06A1D4E13DA00E8431F /* JXBaseCollectionViewFlowLayout.m in Sources */ = {isa = PBXBuildFile; fileRef = 96A3E0691D4E13DA00E8431F /* JXBaseCollectionViewFlowLayout.m */; };
		96A3E06E1D4E184800E8431F /* WaterfallFlowLayout.m in Sources */ = {isa = PBXBuildFile; fileRef = 96A3E06D1D4E184800E8431F /* WaterfallFlowLayout.m */; };
		96A3E0711D4E18BC00E8431F /* FlexibleHeightCollectionViewController.m in Sources */ = {isa = PBXBuildFile; fileRef = 96A3E0701D4E18BC00E8431F /* FlexibleHeightCollectionViewController.m */; };
		96E72F081D30A26000D5A3A9 /* main.m in Sources */ = {isa = PBXBuildFile; fileRef = 96E72F071D30A26000D5A3A9 /* main.m */; };
		96E72F0B1D30A26000D5A3A9 /* AppDelegate.m in Sources */ = {isa = PBXBuildFile; fileRef = 96E72F0A1D30A26000D5A3A9 /* AppDelegate.m */; };
		96E72F0E1D30A26000D5A3A9 /* ViewController.m in Sources */ = {isa = PBXBuildFile; fileRef = 96E72F0D1D30A26000D5A3A9 /* ViewController.m */; };
		96E72F111D30A26000D5A3A9 /* Main.storyboard in Resources */ = {isa = PBXBuildFile; fileRef = 96E72F0F1D30A26000D5A3A9 /* Main.storyboard */; };
		96E72F131D30A26000D5A3A9 /* Assets.xcassets in Resources */ = {isa = PBXBuildFile; fileRef = 96E72F121D30A26000D5A3A9 /* Assets.xcassets */; };
		96E72F161D30A26000D5A3A9 /* LaunchScreen.storyboard in Resources */ = {isa = PBXBuildFile; fileRef = 96E72F141D30A26000D5A3A9 /* LaunchScreen.storyboard */; };
		96E72F211D30A26000D5A3A9 /* DRArtisanTests.m in Sources */ = {isa = PBXBuildFile; fileRef = 96E72F201D30A26000D5A3A9 /* DRArtisanTests.m */; };
		96E72F2C1D30A26000D5A3A9 /* DRArtisanUITests.m in Sources */ = {isa = PBXBuildFile; fileRef = 96E72F2B1D30A26000D5A3A9 /* DRArtisanUITests.m */; };
		96EDCB381D4A503A00F9DC3F /* JXBaseCollectionView.m in Sources */ = {isa = PBXBuildFile; fileRef = 96EDCB371D4A503A00F9DC3F /* JXBaseCollectionView.m */; };
		96EDCB3B1D4A50EE00F9DC3F /* JXBaseTableViewCell.m in Sources */ = {isa = PBXBuildFile; fileRef = 96EDCB3A1D4A50EE00F9DC3F /* JXBaseTableViewCell.m */; };
		96EDCB3E1D4A51F400F9DC3F /* JXAbstractBaseCollectionView.m in Sources */ = {isa = PBXBuildFile; fileRef = 96EDCB3D1D4A51F400F9DC3F /* JXAbstractBaseCollectionView.m */; };
		96EDCB411D4A572800F9DC3F /* JXBaseTableView.m in Sources */ = {isa = PBXBuildFile; fileRef = 96EDCB401D4A572800F9DC3F /* JXBaseTableView.m */; };
		96EDCB5A1D4A5F4500F9DC3F /* JXDefaultCell.m in Sources */ = {isa = PBXBuildFile; fileRef = 96EDCB4B1D4A5F4500F9DC3F /* JXDefaultCell.m */; };
		96EDCB5B1D4A5F4500F9DC3F /* JXDefaultCellModel.m in Sources */ = {isa = PBXBuildFile; fileRef = 96EDCB4D1D4A5F4500F9DC3F /* JXDefaultCellModel.m */; };
		96EDCB5C1D4A5F4500F9DC3F /* JXSubtitleCell.m in Sources */ = {isa = PBXBuildFile; fileRef = 96EDCB4F1D4A5F4500F9DC3F /* JXSubtitleCell.m */; };
		96EDCB5D1D4A5F4500F9DC3F /* JXSubtitleCellModel.m in Sources */ = {isa = PBXBuildFile; fileRef = 96EDCB511D4A5F4500F9DC3F /* JXSubtitleCellModel.m */; };
		96EDCB5E1D4A5F4500F9DC3F /* JXValue1Cell.m in Sources */ = {isa = PBXBuildFile; fileRef = 96EDCB531D4A5F4500F9DC3F /* JXValue1Cell.m */; };
		96EDCB5F1D4A5F4500F9DC3F /* JXValue1CellModel.m in Sources */ = {isa = PBXBuildFile; fileRef = 96EDCB551D4A5F4500F9DC3F /* JXValue1CellModel.m */; };
		96EDCB601D4A5F4500F9DC3F /* JXValue2Cell.m in Sources */ = {isa = PBXBuildFile; fileRef = 96EDCB571D4A5F4500F9DC3F /* JXValue2Cell.m */; };
		96EDCB611D4A5F4500F9DC3F /* JXValue2CellModel.m in Sources */ = {isa = PBXBuildFile; fileRef = 96EDCB591D4A5F4500F9DC3F /* JXValue2CellModel.m */; };
		96EDCB641D4A5F9900F9DC3F /* JXBaseCollectionViewCell.m in Sources */ = {isa = PBXBuildFile; fileRef = 96EDCB631D4A5F9900F9DC3F /* JXBaseCollectionViewCell.m */; };
		96F5F45B1D31502200AB1C03 /* DemoModel.m in Sources */ = {isa = PBXBuildFile; fileRef = 96F5F45A1D31502200AB1C03 /* DemoModel.m */; };
		96F5F45E1D3150A900AB1C03 /* CommentModel.m in Sources */ = {isa = PBXBuildFile; fileRef = 96F5F45D1D3150A900AB1C03 /* CommentModel.m */; };
		96FB7DAC1D5B787E00CDE4D7 /* Capable.m in Sources */ = {isa = PBXBuildFile; fileRef = 96FB7DAB1D5B787E00CDE4D7 /* Capable.m */; };
		99706EE11E51FCB57E22147F /* libPods.a in Frameworks */ = {isa = PBXBuildFile; fileRef = D11050FCD7E4EB553C4621D4 /* libPods.a */; };
/* End PBXBuildFile section */

/* Begin PBXContainerItemProxy section */
		96E72F1D1D30A26000D5A3A9 /* PBXContainerItemProxy */ = {
			isa = PBXContainerItemProxy;
			containerPortal = 96E72EFB1D30A26000D5A3A9 /* Project object */;
			proxyType = 1;
			remoteGlobalIDString = 96E72F021D30A26000D5A3A9;
			remoteInfo = DRArtisan;
		};
		96E72F281D30A26000D5A3A9 /* PBXContainerItemProxy */ = {
			isa = PBXContainerItemProxy;
			containerPortal = 96E72EFB1D30A26000D5A3A9 /* Project object */;
			proxyType = 1;
			remoteGlobalIDString = 96E72F021D30A26000D5A3A9;
			remoteInfo = DRArtisan;
		};
/* End PBXContainerItemProxy section */

/* Begin PBXFileReference section */
		04C5D075614A0BDD6B1FA191 /* Pods.debug.xcconfig */ = {isa = PBXFileReference; includeInIndex = 1; lastKnownFileType = text.xcconfig; name = Pods.debug.xcconfig; path = "Pods/Target Support Files/Pods/Pods.debug.xcconfig"; sourceTree = "<group>"; };
		3127636F46455AFFEAEDA01C /* Pods.release.xcconfig */ = {isa = PBXFileReference; includeInIndex = 1; lastKnownFileType = text.xcconfig; name = Pods.release.xcconfig; path = "Pods/Target Support Files/Pods/Pods.release.xcconfig"; sourceTree = "<group>"; };
		960BD81D1D50FD6500885DEE /* JXSupplementaryTitleTableView.h */ = {isa = PBXFileReference; fileEncoding = 4; lastKnownFileType = sourcecode.c.h; path = JXSupplementaryTitleTableView.h; sourceTree = "<group>"; };
		960BD81E1D50FD6500885DEE /* JXSupplementaryTitleTableView.m */ = {isa = PBXFileReference; fileEncoding = 4; lastKnownFileType = sourcecode.c.objc; path = JXSupplementaryTitleTableView.m; sourceTree = "<group>"; };
		960BD8201D510BA300885DEE /* JXSupplementaryViewTableView.h */ = {isa = PBXFileReference; fileEncoding = 4; lastKnownFileType = sourcecode.c.h; path = JXSupplementaryViewTableView.h; sourceTree = "<group>"; };
		960BD8211D510BA300885DEE /* JXSupplementaryViewTableView.m */ = {isa = PBXFileReference; fileEncoding = 4; lastKnownFileType = sourcecode.c.objc; path = JXSupplementaryViewTableView.m; sourceTree = "<group>"; };
		962058101D57FEEF0085DB4F /* JXHTTPSessionManager.h */ = {isa = PBXFileReference; fileEncoding = 4; lastKnownFileType = sourcecode.c.h; path = JXHTTPSessionManager.h; sourceTree = "<group>"; };
		962058111D57FEEF0085DB4F /* JXHTTPSessionManager.m */ = {isa = PBXFileReference; fileEncoding = 4; lastKnownFileType = sourcecode.c.objc; path = JXHTTPSessionManager.m; sourceTree = "<group>"; };
		962058131D5847C90085DB4F /* NewsModel.h */ = {isa = PBXFileReference; fileEncoding = 4; lastKnownFileType = sourcecode.c.h; path = NewsModel.h; sourceTree = "<group>"; };
		962058141D5847C90085DB4F /* NewsModel.m */ = {isa = PBXFileReference; fileEncoding = 4; lastKnownFileType = sourcecode.c.objc; path = NewsModel.m; sourceTree = "<group>"; };
		962058161D584FBB0085DB4F /* NewsCollectionCell.h */ = {isa = PBXFileReference; fileEncoding = 4; lastKnownFileType = sourcecode.c.h; path = NewsCollectionCell.h; sourceTree = "<group>"; };
		962058171D584FBB0085DB4F /* NewsCollectionCell.m */ = {isa = PBXFileReference; fileEncoding = 4; lastKnownFileType = sourcecode.c.objc; path = NewsCollectionCell.m; sourceTree = "<group>"; };
		962058201D58D4F20085DB4F /* JXWaterFlowVerLayout.h */ = {isa = PBXFileReference; fileEncoding = 4; lastKnownFileType = sourcecode.c.h; path = JXWaterFlowVerLayout.h; sourceTree = "<group>"; };
		962058211D58D4F20085DB4F /* JXWaterFlowVerLayout.m */ = {isa = PBXFileReference; fileEncoding = 4; lastKnownFileType = sourcecode.c.objc; path = JXWaterFlowVerLayout.m; sourceTree = "<group>"; };
		962058231D594B270085DB4F /* PhotoCell.h */ = {isa = PBXFileReference; fileEncoding = 4; lastKnownFileType = sourcecode.c.h; path = PhotoCell.h; sourceTree = "<group>"; };
		962058241D594B270085DB4F /* PhotoCell.m */ = {isa = PBXFileReference; fileEncoding = 4; lastKnownFileType = sourcecode.c.objc; path = PhotoCell.m; sourceTree = "<group>"; };
		962058251D594B270085DB4F /* PhotoCell.xib */ = {isa = PBXFileReference; fileEncoding = 4; lastKnownFileType = file.xib; path = PhotoCell.xib; sourceTree = "<group>"; };
		962058281D594BAD0085DB4F /* Photo.h */ = {isa = PBXFileReference; fileEncoding = 4; lastKnownFileType = sourcecode.c.h; path = Photo.h; sourceTree = "<group>"; };
		962058291D594BAD0085DB4F /* Photo.m */ = {isa = PBXFileReference; fileEncoding = 4; lastKnownFileType = sourcecode.c.objc; path = Photo.m; sourceTree = "<group>"; };
		9624222A1D4827FB0028A835 /* TYWaterWaveView.h */ = {isa = PBXFileReference; fileEncoding = 4; lastKnownFileType = sourcecode.c.h; path = TYWaterWaveView.h; sourceTree = "<group>"; };
		9624222B1D4827FB0028A835 /* TYWaterWaveView.m */ = {isa = PBXFileReference; fileEncoding = 4; lastKnownFileType = sourcecode.c.objc; path = TYWaterWaveView.m; sourceTree = "<group>"; };
		9624222C1D4827FB0028A835 /* TYWaveProgressView.h */ = {isa = PBXFileReference; fileEncoding = 4; lastKnownFileType = sourcecode.c.h; path = TYWaveProgressView.h; sourceTree = "<group>"; };
		9624222D1D4827FB0028A835 /* TYWaveProgressView.m */ = {isa = PBXFileReference; fileEncoding = 4; lastKnownFileType = sourcecode.c.objc; path = TYWaveProgressView.m; sourceTree = "<group>"; };
		9625079B1D461A3100DFF32D /* NSNumber+Coder.h */ = {isa = PBXFileReference; fileEncoding = 4; lastKnownFileType = sourcecode.c.h; path = "NSNumber+Coder.h"; sourceTree = "<group>"; };
		9625079C1D461A3100DFF32D /* NSNumber+Coder.m */ = {isa = PBXFileReference; fileEncoding = 4; lastKnownFileType = sourcecode.c.objc; path = "NSNumber+Coder.m"; sourceTree = "<group>"; };
		96289F131D4E3476000F7665 /* JXFlexibleHeightCollectionView.h */ = {isa = PBXFileReference; fileEncoding = 4; lastKnownFileType = sourcecode.c.h; path = JXFlexibleHeightCollectionView.h; sourceTree = "<group>"; };
		96289F141D4E3476000F7665 /* JXFlexibleHeightCollectionView.m */ = {isa = PBXFileReference; fileEncoding = 4; lastKnownFileType = sourcecode.c.objc; path = JXFlexibleHeightCollectionView.m; sourceTree = "<group>"; };
		962F2A9B1D6289D100F790C0 /* JXTagChooserView.h */ = {isa = PBXFileReference; fileEncoding = 4; lastKnownFileType = sourcecode.c.h; path = JXTagChooserView.h; sourceTree = "<group>"; };
		962F2A9C1D6289D100F790C0 /* JXTagChooserView.m */ = {isa = PBXFileReference; fileEncoding = 4; lastKnownFileType = sourcecode.c.objc; path = JXTagChooserView.m; sourceTree = "<group>"; };
		962F2B011D63623600F790C0 /* EncryptSymmetry.h */ = {isa = PBXFileReference; fileEncoding = 4; lastKnownFileType = sourcecode.c.h; path = EncryptSymmetry.h; sourceTree = "<group>"; };
		962F2B021D63623600F790C0 /* EncryptSymmetry.m */ = {isa = PBXFileReference; fileEncoding = 4; lastKnownFileType = sourcecode.c.objc; path = EncryptSymmetry.m; sourceTree = "<group>"; };
		962F2B051D6365D800F790C0 /* JXTagChooserCell.h */ = {isa = PBXFileReference; fileEncoding = 4; lastKnownFileType = sourcecode.c.h; path = JXTagChooserCell.h; sourceTree = "<group>"; };
		962F2B061D6365D800F790C0 /* JXTagChooserCell.m */ = {isa = PBXFileReference; fileEncoding = 4; lastKnownFileType = sourcecode.c.objc; path = JXTagChooserCell.m; sourceTree = "<group>"; };
		962F2B0A1D63D8B000F790C0 /* JXTagChooserModel.h */ = {isa = PBXFileReference; fileEncoding = 4; lastKnownFileType = sourcecode.c.h; path = JXTagChooserModel.h; sourceTree = "<group>"; };
		962F2B0B1D63D8B000F790C0 /* JXTagChooserModel.m */ = {isa = PBXFileReference; fileEncoding = 4; lastKnownFileType = sourcecode.c.objc; path = JXTagChooserModel.m; sourceTree = "<group>"; };
		962F2B101D63DB7500F790C0 /* DemoFlexibleWidthViewController.h */ = {isa = PBXFileReference; fileEncoding = 4; lastKnownFileType = sourcecode.c.h; path = DemoFlexibleWidthViewController.h; sourceTree = "<group>"; };
		962F2B111D63DB7500F790C0 /* DemoFlexibleWidthViewController.m */ = {isa = PBXFileReference; fileEncoding = 4; lastKnownFileType = sourcecode.c.objc; path = DemoFlexibleWidthViewController.m; sourceTree = "<group>"; };
		9639A9E41D458EEB007719B0 /* JXAbstractBaseTableView.h */ = {isa = PBXFileReference; fileEncoding = 4; lastKnownFileType = sourcecode.c.h; path = JXAbstractBaseTableView.h; sourceTree = "<group>"; };
		9639A9E51D458EEB007719B0 /* JXAbstractBaseTableView.m */ = {isa = PBXFileReference; fileEncoding = 4; lastKnownFileType = sourcecode.c.objc; path = JXAbstractBaseTableView.m; sourceTree = "<group>"; };
		9639A9EC1D458EEB007719B0 /* JXBaseNavigationController.h */ = {isa = PBXFileReference; fileEncoding = 4; lastKnownFileType = sourcecode.c.h; path = JXBaseNavigationController.h; sourceTree = "<group>"; };
		9639A9ED1D458EEB007719B0 /* JXBaseNavigationController.m */ = {isa = PBXFileReference; fileEncoding = 4; lastKnownFileType = sourcecode.c.objc; path = JXBaseNavigationController.m; sourceTree = "<group>"; };
		9639A9EE1D458EEB007719B0 /* JXBaseObject.h */ = {isa = PBXFileReference; fileEncoding = 4; lastKnownFileType = sourcecode.c.h; path = JXBaseObject.h; sourceTree = "<group>"; };
		9639A9EF1D458EEB007719B0 /* JXBaseObject.m */ = {isa = PBXFileReference; fileEncoding = 4; lastKnownFileType = sourcecode.c.objc; path = JXBaseObject.m; sourceTree = "<group>"; };
		9639A9F01D458EEB007719B0 /* JXBasePickerView.h */ = {isa = PBXFileReference; fileEncoding = 4; lastKnownFileType = sourcecode.c.h; path = JXBasePickerView.h; sourceTree = "<group>"; };
		9639A9F11D458EEB007719B0 /* JXBasePickerView.m */ = {isa = PBXFileReference; fileEncoding = 4; lastKnownFileType = sourcecode.c.objc; path = JXBasePickerView.m; sourceTree = "<group>"; };
		9639A9F21D458EEB007719B0 /* JXBaseViewController.h */ = {isa = PBXFileReference; fileEncoding = 4; lastKnownFileType = sourcecode.c.h; path = JXBaseViewController.h; sourceTree = "<group>"; };
		9639A9F31D458EEB007719B0 /* JXBaseViewController.m */ = {isa = PBXFileReference; fileEncoding = 4; lastKnownFileType = sourcecode.c.objc; path = JXBaseViewController.m; sourceTree = "<group>"; };
		9639AA0B1D458EEB007719B0 /* FlowAnalytical.h */ = {isa = PBXFileReference; fileEncoding = 4; lastKnownFileType = sourcecode.c.h; path = FlowAnalytical.h; sourceTree = "<group>"; };
		9639AA0C1D458EEB007719B0 /* FlowAnalytical.m */ = {isa = PBXFileReference; fileEncoding = 4; lastKnownFileType = sourcecode.c.objc; path = FlowAnalytical.m; sourceTree = "<group>"; };
		9639AA0D1D458EEB007719B0 /* SetMealCellModel.h */ = {isa = PBXFileReference; fileEncoding = 4; lastKnownFileType = sourcecode.c.h; path = SetMealCellModel.h; sourceTree = "<group>"; };
		9639AA0E1D458EEB007719B0 /* SetMealCellModel.m */ = {isa = PBXFileReference; fileEncoding = 4; lastKnownFileType = sourcecode.c.objc; path = SetMealCellModel.m; sourceTree = "<group>"; };
		9639AA0F1D458EEB007719B0 /* SetMealTableView.h */ = {isa = PBXFileReference; fileEncoding = 4; lastKnownFileType = sourcecode.c.h; path = SetMealTableView.h; sourceTree = "<group>"; };
		9639AA101D458EEB007719B0 /* SetMealTableView.m */ = {isa = PBXFileReference; fileEncoding = 4; lastKnownFileType = sourcecode.c.objc; path = SetMealTableView.m; sourceTree = "<group>"; };
		9639AA111D458EEB007719B0 /* SetMealTableViewCell.h */ = {isa = PBXFileReference; fileEncoding = 4; lastKnownFileType = sourcecode.c.h; path = SetMealTableViewCell.h; sourceTree = "<group>"; };
		9639AA121D458EEB007719B0 /* SetMealTableViewCell.m */ = {isa = PBXFileReference; fileEncoding = 4; lastKnownFileType = sourcecode.c.objc; path = SetMealTableViewCell.m; sourceTree = "<group>"; };
		9639AA251D458EEB007719B0 /* JASTableViewController.h */ = {isa = PBXFileReference; fileEncoding = 4; lastKnownFileType = sourcecode.c.h; path = JASTableViewController.h; sourceTree = "<group>"; };
		9639AA261D458EEB007719B0 /* JASTableViewController.m */ = {isa = PBXFileReference; fileEncoding = 4; lastKnownFileType = sourcecode.c.objc; path = JASTableViewController.m; sourceTree = "<group>"; };
		9639AA281D458EEB007719B0 /* GlobalConst.h */ = {isa = PBXFileReference; fileEncoding = 4; lastKnownFileType = sourcecode.c.h; path = GlobalConst.h; sourceTree = "<group>"; };
		9639AA291D458EEB007719B0 /* Prefix.pch */ = {isa = PBXFileReference; fileEncoding = 4; lastKnownFileType = sourcecode.c.h; path = Prefix.pch; sourceTree = "<group>"; };
		9639AA2D1D458EEB007719B0 /* NSArray+Coder.h */ = {isa = PBXFileReference; fileEncoding = 4; lastKnownFileType = sourcecode.c.h; path = "NSArray+Coder.h"; sourceTree = "<group>"; };
		9639AA2E1D458EEB007719B0 /* NSArray+Coder.m */ = {isa = PBXFileReference; fileEncoding = 4; lastKnownFileType = sourcecode.c.objc; path = "NSArray+Coder.m"; sourceTree = "<group>"; };
		9639AA2F1D458EEB007719B0 /* NSData+Coder.h */ = {isa = PBXFileReference; fileEncoding = 4; lastKnownFileType = sourcecode.c.h; path = "NSData+Coder.h"; sourceTree = "<group>"; };
		9639AA301D458EEB007719B0 /* NSData+Coder.m */ = {isa = PBXFileReference; fileEncoding = 4; lastKnownFileType = sourcecode.c.objc; path = "NSData+Coder.m"; sourceTree = "<group>"; };
		9639AA311D458EEB007719B0 /* NSDate+Coder.h */ = {isa = PBXFileReference; fileEncoding = 4; lastKnownFileType = sourcecode.c.h; path = "NSDate+Coder.h"; sourceTree = "<group>"; };
		9639AA321D458EEB007719B0 /* NSDate+Coder.m */ = {isa = PBXFileReference; fileEncoding = 4; lastKnownFileType = sourcecode.c.objc; path = "NSDate+Coder.m"; sourceTree = "<group>"; };
		9639AA331D458EEB007719B0 /* NSDictionary+Coder.h */ = {isa = PBXFileReference; fileEncoding = 4; lastKnownFileType = sourcecode.c.h; path = "NSDictionary+Coder.h"; sourceTree = "<group>"; };
		9639AA341D458EEB007719B0 /* NSDictionary+Coder.m */ = {isa = PBXFileReference; fileEncoding = 4; lastKnownFileType = sourcecode.c.objc; path = "NSDictionary+Coder.m"; sourceTree = "<group>"; };
		9639AA351D458EEB007719B0 /* NSObject+Coder.h */ = {isa = PBXFileReference; fileEncoding = 4; lastKnownFileType = sourcecode.c.h; path = "NSObject+Coder.h"; sourceTree = "<group>"; };
		9639AA361D458EEB007719B0 /* NSObject+Coder.m */ = {isa = PBXFileReference; fileEncoding = 4; lastKnownFileType = sourcecode.c.objc; path = "NSObject+Coder.m"; sourceTree = "<group>"; };
		9639AA371D458EEB007719B0 /* NSString+Coder.h */ = {isa = PBXFileReference; fileEncoding = 4; lastKnownFileType = sourcecode.c.h; path = "NSString+Coder.h"; sourceTree = "<group>"; };
		9639AA381D458EEB007719B0 /* NSString+Coder.m */ = {isa = PBXFileReference; fileEncoding = 4; lastKnownFileType = sourcecode.c.objc; path = "NSString+Coder.m"; sourceTree = "<group>"; };
		9639AA391D458EEB007719B0 /* NSURL+Coder.h */ = {isa = PBXFileReference; fileEncoding = 4; lastKnownFileType = sourcecode.c.h; path = "NSURL+Coder.h"; sourceTree = "<group>"; };
		9639AA3A1D458EEB007719B0 /* NSURL+Coder.m */ = {isa = PBXFileReference; fileEncoding = 4; lastKnownFileType = sourcecode.c.objc; path = "NSURL+Coder.m"; sourceTree = "<group>"; };
		9639AA3B1D458EEB007719B0 /* UIDevice+Coder.h */ = {isa = PBXFileReference; fileEncoding = 4; lastKnownFileType = sourcecode.c.h; path = "UIDevice+Coder.h"; sourceTree = "<group>"; };
		9639AA3C1D458EEB007719B0 /* UIDevice+Coder.m */ = {isa = PBXFileReference; fileEncoding = 4; lastKnownFileType = sourcecode.c.objc; path = "UIDevice+Coder.m"; sourceTree = "<group>"; };
		9639AA3D1D458EEB007719B0 /* UIImage+Coder.h */ = {isa = PBXFileReference; fileEncoding = 4; lastKnownFileType = sourcecode.c.h; path = "UIImage+Coder.h"; sourceTree = "<group>"; };
		9639AA3E1D458EEB007719B0 /* UIImage+Coder.m */ = {isa = PBXFileReference; fileEncoding = 4; lastKnownFileType = sourcecode.c.objc; path = "UIImage+Coder.m"; sourceTree = "<group>"; };
		9639AA3F1D458EEB007719B0 /* UIView+Coder.h */ = {isa = PBXFileReference; fileEncoding = 4; lastKnownFileType = sourcecode.c.h; path = "UIView+Coder.h"; sourceTree = "<group>"; };
		9639AA401D458EEB007719B0 /* UIView+Coder.m */ = {isa = PBXFileReference; fileEncoding = 4; lastKnownFileType = sourcecode.c.objc; path = "UIView+Coder.m"; sourceTree = "<group>"; };
		9639AA411D458EEB007719B0 /* UIViewController+Coder.h */ = {isa = PBXFileReference; fileEncoding = 4; lastKnownFileType = sourcecode.c.h; path = "UIViewController+Coder.h"; sourceTree = "<group>"; };
		9639AA421D458EEB007719B0 /* UIViewController+Coder.m */ = {isa = PBXFileReference; fileEncoding = 4; lastKnownFileType = sourcecode.c.objc; path = "UIViewController+Coder.m"; sourceTree = "<group>"; };
		9639AA451D458EEB007719B0 /* JXCircleProgressView.h */ = {isa = PBXFileReference; fileEncoding = 4; lastKnownFileType = sourcecode.c.h; path = JXCircleProgressView.h; sourceTree = "<group>"; };
		9639AA461D458EEB007719B0 /* JXCircleProgressView.m */ = {isa = PBXFileReference; fileEncoding = 4; lastKnownFileType = sourcecode.c.objc; path = JXCircleProgressView.m; sourceTree = "<group>"; };
		9639AA471D458EEB007719B0 /* JXCircleShapeLayer.h */ = {isa = PBXFileReference; fileEncoding = 4; lastKnownFileType = sourcecode.c.h; path = JXCircleShapeLayer.h; sourceTree = "<group>"; };
		9639AA481D458EEB007719B0 /* JXCircleShapeLayer.m */ = {isa = PBXFileReference; fileEncoding = 4; lastKnownFileType = sourcecode.c.objc; path = JXCircleShapeLayer.m; sourceTree = "<group>"; };
		9639AA491D458EEB007719B0 /* JXSession.h */ = {isa = PBXFileReference; fileEncoding = 4; lastKnownFileType = sourcecode.c.h; path = JXSession.h; sourceTree = "<group>"; };
		9639AA4A1D458EEB007719B0 /* JXSession.m */ = {isa = PBXFileReference; fileEncoding = 4; lastKnownFileType = sourcecode.c.objc; path = JXSession.m; sourceTree = "<group>"; };
		9639AA501D458EEB007719B0 /* BadgeStyle.h */ = {isa = PBXFileReference; fileEncoding = 4; lastKnownFileType = sourcecode.c.h; path = BadgeStyle.h; sourceTree = "<group>"; };
		9639AA511D458EEB007719B0 /* BadgeStyle.m */ = {isa = PBXFileReference; fileEncoding = 4; lastKnownFileType = sourcecode.c.objc; path = BadgeStyle.m; sourceTree = "<group>"; };
		9639AA521D458EEB007719B0 /* CustomBadge.h */ = {isa = PBXFileReference; fileEncoding = 4; lastKnownFileType = sourcecode.c.h; path = CustomBadge.h; sourceTree = "<group>"; };
		9639AA531D458EEB007719B0 /* CustomBadge.m */ = {isa = PBXFileReference; fileEncoding = 4; lastKnownFileType = sourcecode.c.objc; path = CustomBadge.m; sourceTree = "<group>"; };
		9639AA551D458EEB007719B0 /* CircleProgressBar.h */ = {isa = PBXFileReference; fileEncoding = 4; lastKnownFileType = sourcecode.c.h; path = CircleProgressBar.h; sourceTree = "<group>"; };
		9639AA561D458EEB007719B0 /* CircleProgressBar.m */ = {isa = PBXFileReference; fileEncoding = 4; lastKnownFileType = sourcecode.c.objc; path = CircleProgressBar.m; sourceTree = "<group>"; };
		9639AA581D458EEB007719B0 /* DSNumberLabel.h */ = {isa = PBXFileReference; fileEncoding = 4; lastKnownFileType = sourcecode.c.h; path = DSNumberLabel.h; sourceTree = "<group>"; };
		9639AA591D458EEB007719B0 /* DSNumberLabel.m */ = {isa = PBXFileReference; fileEncoding = 4; lastKnownFileType = sourcecode.c.objc; path = DSNumberLabel.m; sourceTree = "<group>"; };
		9639AA5A1D458EEB007719B0 /* NJDBezierCurve.h */ = {isa = PBXFileReference; fileEncoding = 4; lastKnownFileType = sourcecode.c.h; path = NJDBezierCurve.h; sourceTree = "<group>"; };
		9639AA5B1D458EEB007719B0 /* NJDBezierCurve.m */ = {isa = PBXFileReference; fileEncoding = 4; lastKnownFileType = sourcecode.c.objc; path = NJDBezierCurve.m; sourceTree = "<group>"; };
		9639AA5D1D458EEB007719B0 /* Waver.h */ = {isa = PBXFileReference; fileEncoding = 4; lastKnownFileType = sourcecode.c.h; path = Waver.h; sourceTree = "<group>"; };
		9639AA5E1D458EEB007719B0 /* Waver.m */ = {isa = PBXFileReference; fileEncoding = 4; lastKnownFileType = sourcecode.c.objc; path = Waver.m; sourceTree = "<group>"; };
		9639AA611D458EEB007719B0 /* JXUtils.h */ = {isa = PBXFileReference; fileEncoding = 4; lastKnownFileType = sourcecode.c.h; path = JXUtils.h; sourceTree = "<group>"; };
		9639AA621D458EEB007719B0 /* JXUtils.m */ = {isa = PBXFileReference; fileEncoding = 4; lastKnownFileType = sourcecode.c.objc; path = JXUtils.m; sourceTree = "<group>"; };
		96512A891D6470620020CCAA /* JXArtisan.h */ = {isa = PBXFileReference; fileEncoding = 4; lastKnownFileType = sourcecode.c.h; path = JXArtisan.h; sourceTree = "<group>"; };
		965DB7191D46D06200C6546D /* BackgroundAudioPlay.h */ = {isa = PBXFileReference; fileEncoding = 4; lastKnownFileType = sourcecode.c.h; path = BackgroundAudioPlay.h; sourceTree = "<group>"; };
		965DB71A1D46D06200C6546D /* BackgroundAudioPlay.m */ = {isa = PBXFileReference; fileEncoding = 4; lastKnownFileType = sourcecode.c.objc; path = BackgroundAudioPlay.m; sourceTree = "<group>"; };
		96844F7F1D5259A600C37697 /* JXSupplementaryHeaderTitleMix.h */ = {isa = PBXFileReference; fileEncoding = 4; lastKnownFileType = sourcecode.c.h; path = JXSupplementaryHeaderTitleMix.h; sourceTree = "<group>"; };
		96844F801D5259A600C37697 /* JXSupplementaryHeaderTitleMix.m */ = {isa = PBXFileReference; fileEncoding = 4; lastKnownFileType = sourcecode.c.objc; path = JXSupplementaryHeaderTitleMix.m; sourceTree = "<group>"; };
		96844F821D5259C000C37697 /* JXSupplementaryHeaderViewMix.h */ = {isa = PBXFileReference; fileEncoding = 4; lastKnownFileType = sourcecode.c.h; path = JXSupplementaryHeaderViewMix.h; sourceTree = "<group>"; };
		96844F831D5259C000C37697 /* JXSupplementaryHeaderViewMix.m */ = {isa = PBXFileReference; fileEncoding = 4; lastKnownFileType = sourcecode.c.objc; path = JXSupplementaryHeaderViewMix.m; sourceTree = "<group>"; };
		9698B92A1D5F688600D593F2 /* JXWaterFlowHorLayout.h */ = {isa = PBXFileReference; fileEncoding = 4; lastKnownFileType = sourcecode.c.h; path = JXWaterFlowHorLayout.h; sourceTree = "<group>"; };
		9698B92B1D5F688600D593F2 /* JXWaterFlowHorLayout.m */ = {isa = PBXFileReference; fileEncoding = 4; lastKnownFileType = sourcecode.c.objc; path = JXWaterFlowHorLayout.m; sourceTree = "<group>"; };
		9698B92D1D6139D100D593F2 /* JXFlexibleWidthCollectionView.h */ = {isa = PBXFileReference; fileEncoding = 4; lastKnownFileType = sourcecode.c.h; path = JXFlexibleWidthCollectionView.h; sourceTree = "<group>"; };
		9698B92E1D6139D100D593F2 /* JXFlexibleWidthCollectionView.m */ = {isa = PBXFileReference; fileEncoding = 4; lastKnownFileType = sourcecode.c.objc; path = JXFlexibleWidthCollectionView.m; sourceTree = "<group>"; };
		96A3E05C1D4DE32200E8431F /* DemoTableViewController.h */ = {isa = PBXFileReference; fileEncoding = 4; lastKnownFileType = sourcecode.c.h; path = DemoTableViewController.h; sourceTree = "<group>"; };
		96A3E05D1D4DE32200E8431F /* DemoTableViewController.m */ = {isa = PBXFileReference; fileEncoding = 4; lastKnownFileType = sourcecode.c.objc; path = DemoTableViewController.m; sourceTree = "<group>"; };
		96A3E05F1D4DEEAE00E8431F /* JXFlexibleHeightTableView.h */ = {isa = PBXFileReference; fileEncoding = 4; lastKnownFileType = sourcecode.c.h; path = JXFlexibleHeightTableView.h; sourceTree = "<group>"; };
		96A3E0601D4DEEAE00E8431F /* JXFlexibleHeightTableView.m */ = {isa = PBXFileReference; fileEncoding = 4; lastKnownFileType = sourcecode.c.objc; path = JXFlexibleHeightTableView.m; sourceTree = "<group>"; };
		96A3E0681D4E13DA00E8431F /* JXBaseCollectionViewFlowLayout.h */ = {isa = PBXFileReference; fileEncoding = 4; lastKnownFileType = sourcecode.c.h; path = JXBaseCollectionViewFlowLayout.h; sourceTree = "<group>"; };
		96A3E0691D4E13DA00E8431F /* JXBaseCollectionViewFlowLayout.m */ = {isa = PBXFileReference; fileEncoding = 4; lastKnownFileType = sourcecode.c.objc; path = JXBaseCollectionViewFlowLayout.m; sourceTree = "<group>"; };
		96A3E06C1D4E184700E8431F /* WaterfallFlowLayout.h */ = {isa = PBXFileReference; fileEncoding = 4; lastKnownFileType = sourcecode.c.h; path = WaterfallFlowLayout.h; sourceTree = "<group>"; };
		96A3E06D1D4E184800E8431F /* WaterfallFlowLayout.m */ = {isa = PBXFileReference; fileEncoding = 4; lastKnownFileType = sourcecode.c.objc; path = WaterfallFlowLayout.m; sourceTree = "<group>"; };
		96A3E06F1D4E18BC00E8431F /* FlexibleHeightCollectionViewController.h */ = {isa = PBXFileReference; fileEncoding = 4; lastKnownFileType = sourcecode.c.h; path = FlexibleHeightCollectionViewController.h; sourceTree = "<group>"; };
		96A3E0701D4E18BC00E8431F /* FlexibleHeightCollectionViewController.m */ = {isa = PBXFileReference; fileEncoding = 4; lastKnownFileType = sourcecode.c.objc; path = FlexibleHeightCollectionViewController.m; sourceTree = "<group>"; };
		96E72F031D30A26000D5A3A9 /* DRArtisan.app */ = {isa = PBXFileReference; explicitFileType = wrapper.application; includeInIndex = 0; path = DRArtisan.app; sourceTree = BUILT_PRODUCTS_DIR; };
		96E72F071D30A26000D5A3A9 /* main.m */ = {isa = PBXFileReference; lastKnownFileType = sourcecode.c.objc; path = main.m; sourceTree = "<group>"; };
		96E72F091D30A26000D5A3A9 /* AppDelegate.h */ = {isa = PBXFileReference; lastKnownFileType = sourcecode.c.h; path = AppDelegate.h; sourceTree = "<group>"; };
		96E72F0A1D30A26000D5A3A9 /* AppDelegate.m */ = {isa = PBXFileReference; lastKnownFileType = sourcecode.c.objc; path = AppDelegate.m; sourceTree = "<group>"; };
		96E72F0C1D30A26000D5A3A9 /* ViewController.h */ = {isa = PBXFileReference; lastKnownFileType = sourcecode.c.h; path = ViewController.h; sourceTree = "<group>"; };
		96E72F0D1D30A26000D5A3A9 /* ViewController.m */ = {isa = PBXFileReference; lastKnownFileType = sourcecode.c.objc; path = ViewController.m; sourceTree = "<group>"; };
		96E72F101D30A26000D5A3A9 /* Base */ = {isa = PBXFileReference; lastKnownFileType = file.storyboard; name = Base; path = Base.lproj/Main.storyboard; sourceTree = "<group>"; };
		96E72F121D30A26000D5A3A9 /* Assets.xcassets */ = {isa = PBXFileReference; lastKnownFileType = folder.assetcatalog; path = Assets.xcassets; sourceTree = "<group>"; };
		96E72F151D30A26000D5A3A9 /* Base */ = {isa = PBXFileReference; lastKnownFileType = file.storyboard; name = Base; path = Base.lproj/LaunchScreen.storyboard; sourceTree = "<group>"; };
		96E72F171D30A26000D5A3A9 /* Info.plist */ = {isa = PBXFileReference; lastKnownFileType = text.plist.xml; path = Info.plist; sourceTree = "<group>"; };
		96E72F1C1D30A26000D5A3A9 /* DRArtisanTests.xctest */ = {isa = PBXFileReference; explicitFileType = wrapper.cfbundle; includeInIndex = 0; path = DRArtisanTests.xctest; sourceTree = BUILT_PRODUCTS_DIR; };
		96E72F201D30A26000D5A3A9 /* DRArtisanTests.m */ = {isa = PBXFileReference; lastKnownFileType = sourcecode.c.objc; path = DRArtisanTests.m; sourceTree = "<group>"; };
		96E72F221D30A26000D5A3A9 /* Info.plist */ = {isa = PBXFileReference; lastKnownFileType = text.plist.xml; path = Info.plist; sourceTree = "<group>"; };
		96E72F271D30A26000D5A3A9 /* DRArtisanUITests.xctest */ = {isa = PBXFileReference; explicitFileType = wrapper.cfbundle; includeInIndex = 0; path = DRArtisanUITests.xctest; sourceTree = BUILT_PRODUCTS_DIR; };
		96E72F2B1D30A26000D5A3A9 /* DRArtisanUITests.m */ = {isa = PBXFileReference; lastKnownFileType = sourcecode.c.objc; path = DRArtisanUITests.m; sourceTree = "<group>"; };
		96E72F2D1D30A26000D5A3A9 /* Info.plist */ = {isa = PBXFileReference; lastKnownFileType = text.plist.xml; path = Info.plist; sourceTree = "<group>"; };
		96EDCB361D4A503A00F9DC3F /* JXBaseCollectionView.h */ = {isa = PBXFileReference; fileEncoding = 4; lastKnownFileType = sourcecode.c.h; path = JXBaseCollectionView.h; sourceTree = "<group>"; };
		96EDCB371D4A503A00F9DC3F /* JXBaseCollectionView.m */ = {isa = PBXFileReference; fileEncoding = 4; lastKnownFileType = sourcecode.c.objc; path = JXBaseCollectionView.m; sourceTree = "<group>"; };
		96EDCB391D4A50EE00F9DC3F /* JXBaseTableViewCell.h */ = {isa = PBXFileReference; fileEncoding = 4; lastKnownFileType = sourcecode.c.h; path = JXBaseTableViewCell.h; sourceTree = "<group>"; };
		96EDCB3A1D4A50EE00F9DC3F /* JXBaseTableViewCell.m */ = {isa = PBXFileReference; fileEncoding = 4; lastKnownFileType = sourcecode.c.objc; path = JXBaseTableViewCell.m; sourceTree = "<group>"; };
		96EDCB3C1D4A51F400F9DC3F /* JXAbstractBaseCollectionView.h */ = {isa = PBXFileReference; fileEncoding = 4; lastKnownFileType = sourcecode.c.h; path = JXAbstractBaseCollectionView.h; sourceTree = "<group>"; };
		96EDCB3D1D4A51F400F9DC3F /* JXAbstractBaseCollectionView.m */ = {isa = PBXFileReference; fileEncoding = 4; lastKnownFileType = sourcecode.c.objc; path = JXAbstractBaseCollectionView.m; sourceTree = "<group>"; };
		96EDCB3F1D4A572800F9DC3F /* JXBaseTableView.h */ = {isa = PBXFileReference; fileEncoding = 4; lastKnownFileType = sourcecode.c.h; path = JXBaseTableView.h; sourceTree = "<group>"; };
		96EDCB401D4A572800F9DC3F /* JXBaseTableView.m */ = {isa = PBXFileReference; fileEncoding = 4; lastKnownFileType = sourcecode.c.objc; path = JXBaseTableView.m; sourceTree = "<group>"; };
		96EDCB4A1D4A5F4500F9DC3F /* JXDefaultCell.h */ = {isa = PBXFileReference; fileEncoding = 4; lastKnownFileType = sourcecode.c.h; path = JXDefaultCell.h; sourceTree = "<group>"; };
		96EDCB4B1D4A5F4500F9DC3F /* JXDefaultCell.m */ = {isa = PBXFileReference; fileEncoding = 4; lastKnownFileType = sourcecode.c.objc; path = JXDefaultCell.m; sourceTree = "<group>"; };
		96EDCB4C1D4A5F4500F9DC3F /* JXDefaultCellModel.h */ = {isa = PBXFileReference; fileEncoding = 4; lastKnownFileType = sourcecode.c.h; path = JXDefaultCellModel.h; sourceTree = "<group>"; };
		96EDCB4D1D4A5F4500F9DC3F /* JXDefaultCellModel.m */ = {isa = PBXFileReference; fileEncoding = 4; lastKnownFileType = sourcecode.c.objc; path = JXDefaultCellModel.m; sourceTree = "<group>"; };
		96EDCB4E1D4A5F4500F9DC3F /* JXSubtitleCell.h */ = {isa = PBXFileReference; fileEncoding = 4; lastKnownFileType = sourcecode.c.h; path = JXSubtitleCell.h; sourceTree = "<group>"; };
		96EDCB4F1D4A5F4500F9DC3F /* JXSubtitleCell.m */ = {isa = PBXFileReference; fileEncoding = 4; lastKnownFileType = sourcecode.c.objc; path = JXSubtitleCell.m; sourceTree = "<group>"; };
		96EDCB501D4A5F4500F9DC3F /* JXSubtitleCellModel.h */ = {isa = PBXFileReference; fileEncoding = 4; lastKnownFileType = sourcecode.c.h; path = JXSubtitleCellModel.h; sourceTree = "<group>"; };
		96EDCB511D4A5F4500F9DC3F /* JXSubtitleCellModel.m */ = {isa = PBXFileReference; fileEncoding = 4; lastKnownFileType = sourcecode.c.objc; path = JXSubtitleCellModel.m; sourceTree = "<group>"; };
		96EDCB521D4A5F4500F9DC3F /* JXValue1Cell.h */ = {isa = PBXFileReference; fileEncoding = 4; lastKnownFileType = sourcecode.c.h; path = JXValue1Cell.h; sourceTree = "<group>"; };
		96EDCB531D4A5F4500F9DC3F /* JXValue1Cell.m */ = {isa = PBXFileReference; fileEncoding = 4; lastKnownFileType = sourcecode.c.objc; path = JXValue1Cell.m; sourceTree = "<group>"; };
		96EDCB541D4A5F4500F9DC3F /* JXValue1CellModel.h */ = {isa = PBXFileReference; fileEncoding = 4; lastKnownFileType = sourcecode.c.h; path = JXValue1CellModel.h; sourceTree = "<group>"; };
		96EDCB551D4A5F4500F9DC3F /* JXValue1CellModel.m */ = {isa = PBXFileReference; fileEncoding = 4; lastKnownFileType = sourcecode.c.objc; path = JXValue1CellModel.m; sourceTree = "<group>"; };
		96EDCB561D4A5F4500F9DC3F /* JXValue2Cell.h */ = {isa = PBXFileReference; fileEncoding = 4; lastKnownFileType = sourcecode.c.h; path = JXValue2Cell.h; sourceTree = "<group>"; };
		96EDCB571D4A5F4500F9DC3F /* JXValue2Cell.m */ = {isa = PBXFileReference; fileEncoding = 4; lastKnownFileType = sourcecode.c.objc; path = JXValue2Cell.m; sourceTree = "<group>"; };
		96EDCB581D4A5F4500F9DC3F /* JXValue2CellModel.h */ = {isa = PBXFileReference; fileEncoding = 4; lastKnownFileType = sourcecode.c.h; path = JXValue2CellModel.h; sourceTree = "<group>"; };
		96EDCB591D4A5F4500F9DC3F /* JXValue2CellModel.m */ = {isa = PBXFileReference; fileEncoding = 4; lastKnownFileType = sourcecode.c.objc; path = JXValue2CellModel.m; sourceTree = "<group>"; };
		96EDCB621D4A5F9900F9DC3F /* JXBaseCollectionViewCell.h */ = {isa = PBXFileReference; fileEncoding = 4; lastKnownFileType = sourcecode.c.h; path = JXBaseCollectionViewCell.h; sourceTree = "<group>"; };
		96EDCB631D4A5F9900F9DC3F /* JXBaseCollectionViewCell.m */ = {isa = PBXFileReference; fileEncoding = 4; lastKnownFileType = sourcecode.c.objc; path = JXBaseCollectionViewCell.m; sourceTree = "<group>"; };
		96F5F4591D31502200AB1C03 /* DemoModel.h */ = {isa = PBXFileReference; fileEncoding = 4; lastKnownFileType = sourcecode.c.h; path = DemoModel.h; sourceTree = "<group>"; };
		96F5F45A1D31502200AB1C03 /* DemoModel.m */ = {isa = PBXFileReference; fileEncoding = 4; lastKnownFileType = sourcecode.c.objc; path = DemoModel.m; sourceTree = "<group>"; };
		96F5F45C1D3150A900AB1C03 /* CommentModel.h */ = {isa = PBXFileReference; fileEncoding = 4; lastKnownFileType = sourcecode.c.h; path = CommentModel.h; sourceTree = "<group>"; };
		96F5F45D1D3150A900AB1C03 /* CommentModel.m */ = {isa = PBXFileReference; fileEncoding = 4; lastKnownFileType = sourcecode.c.objc; path = CommentModel.m; sourceTree = "<group>"; };
		96FB7DAA1D5B787E00CDE4D7 /* Capable.h */ = {isa = PBXFileReference; fileEncoding = 4; lastKnownFileType = sourcecode.c.h; path = Capable.h; sourceTree = "<group>"; };
		96FB7DAB1D5B787E00CDE4D7 /* Capable.m */ = {isa = PBXFileReference; fileEncoding = 4; lastKnownFileType = sourcecode.c.objc; path = Capable.m; sourceTree = "<group>"; };
		D11050FCD7E4EB553C4621D4 /* libPods.a */ = {isa = PBXFileReference; explicitFileType = archive.ar; includeInIndex = 0; path = libPods.a; sourceTree = BUILT_PRODUCTS_DIR; };
/* End PBXFileReference section */

/* Begin PBXFrameworksBuildPhase section */
		96E72F001D30A26000D5A3A9 /* Frameworks */ = {
			isa = PBXFrameworksBuildPhase;
			buildActionMask = 2147483647;
			files = (
				99706EE11E51FCB57E22147F /* libPods.a in Frameworks */,
			);
			runOnlyForDeploymentPostprocessing = 0;
		};
		96E72F191D30A26000D5A3A9 /* Frameworks */ = {
			isa = PBXFrameworksBuildPhase;
			buildActionMask = 2147483647;
			files = (
			);
			runOnlyForDeploymentPostprocessing = 0;
		};
		96E72F241D30A26000D5A3A9 /* Frameworks */ = {
			isa = PBXFrameworksBuildPhase;
			buildActionMask = 2147483647;
			files = (
			);
			runOnlyForDeploymentPostprocessing = 0;
		};
/* End PBXFrameworksBuildPhase section */

/* Begin PBXGroup section */
		0122A5D4C1C3FD1B622A1D81 /* Frameworks */ = {
			isa = PBXGroup;
			children = (
				D11050FCD7E4EB553C4621D4 /* libPods.a */,
			);
			name = Frameworks;
			sourceTree = "<group>";
		};
		849BF79DFB5E2FCD00B94664 /* Pods */ = {
			isa = PBXGroup;
			children = (
				04C5D075614A0BDD6B1FA191 /* Pods.debug.xcconfig */,
				3127636F46455AFFEAEDA01C /* Pods.release.xcconfig */,
			);
			name = Pods;
			sourceTree = "<group>";
		};
		9621570E1D501693001019BB /* CollectionView */ = {
			isa = PBXGroup;
			children = (
				962F2B0E1D63DB4400F790C0 /* FlexibleWidthCollectionView */,
				962F2B0D1D63DA8300F790C0 /* FlexibleHeightCollectionView */,
				962F2A9E1D628E6D00F790C0 /* Xib */,
			);
			name = CollectionView;
			sourceTree = "<group>";
		};
		9621570F1D50169F001019BB /* TableView */ = {
			isa = PBXGroup;
			children = (
				96A3E05C1D4DE32200E8431F /* DemoTableViewController.h */,
				96A3E05D1D4DE32200E8431F /* DemoTableViewController.m */,
			);
			name = TableView;
			sourceTree = "<group>";
		};
		962422291D4827FB0028A835 /* TYWaveProgressView */ = {
			isa = PBXGroup;
			children = (
				9624222A1D4827FB0028A835 /* TYWaterWaveView.h */,
				9624222B1D4827FB0028A835 /* TYWaterWaveView.m */,
				9624222C1D4827FB0028A835 /* TYWaveProgressView.h */,
				9624222D1D4827FB0028A835 /* TYWaveProgressView.m */,
			);
			path = TYWaveProgressView;
			sourceTree = "<group>";
		};
		962F2A9A1D6289A500F790C0 /* TagChooser */ = {
			isa = PBXGroup;
			children = (
				962F2B091D63D88100F790C0 /* Models */,
				962F2B081D6365E400F790C0 /* Cell */,
				962F2A9B1D6289D100F790C0 /* JXTagChooserView.h */,
				962F2A9C1D6289D100F790C0 /* JXTagChooserView.m */,
			);
			name = TagChooser;
			sourceTree = "<group>";
		};
		962F2A9E1D628E6D00F790C0 /* Xib */ = {
			isa = PBXGroup;
			children = (
				962058281D594BAD0085DB4F /* Photo.h */,
				962058291D594BAD0085DB4F /* Photo.m */,
				962058231D594B270085DB4F /* PhotoCell.h */,
				962058241D594B270085DB4F /* PhotoCell.m */,
				962058251D594B270085DB4F /* PhotoCell.xib */,
			);
			name = Xib;
			sourceTree = "<group>";
		};
		962F2B001D63615A00F790C0 /* Encrpyt */ = {
			isa = PBXGroup;
			children = (
				962F2B011D63623600F790C0 /* EncryptSymmetry.h */,
				962F2B021D63623600F790C0 /* EncryptSymmetry.m */,
			);
			name = Encrpyt;
			sourceTree = "<group>";
		};
		962F2B041D6363C800F790C0 /* Tmp */ = {
			isa = PBXGroup;
			children = (
				96A3E06C1D4E184700E8431F /* WaterfallFlowLayout.h */,
				96A3E06D1D4E184800E8431F /* WaterfallFlowLayout.m */,
			);
			name = Tmp;
			sourceTree = "<group>";
		};
		962F2B081D6365E400F790C0 /* Cell */ = {
			isa = PBXGroup;
			children = (
				962F2B051D6365D800F790C0 /* JXTagChooserCell.h */,
				962F2B061D6365D800F790C0 /* JXTagChooserCell.m */,
			);
			name = Cell;
			sourceTree = "<group>";
		};
		962F2B091D63D88100F790C0 /* Models */ = {
			isa = PBXGroup;
			children = (
				962F2B0A1D63D8B000F790C0 /* JXTagChooserModel.h */,
				962F2B0B1D63D8B000F790C0 /* JXTagChooserModel.m */,
			);
			name = Models;
			sourceTree = "<group>";
		};
		962F2B0D1D63DA8300F790C0 /* FlexibleHeightCollectionView */ = {
			isa = PBXGroup;
			children = (
				96A3E06F1D4E18BC00E8431F /* FlexibleHeightCollectionViewController.h */,
				96A3E0701D4E18BC00E8431F /* FlexibleHeightCollectionViewController.m */,
				962058131D5847C90085DB4F /* NewsModel.h */,
				962058141D5847C90085DB4F /* NewsModel.m */,
				962058161D584FBB0085DB4F /* NewsCollectionCell.h */,
				962058171D584FBB0085DB4F /* NewsCollectionCell.m */,
			);
			name = FlexibleHeightCollectionView;
			sourceTree = "<group>";
		};
		962F2B0E1D63DB4400F790C0 /* FlexibleWidthCollectionView */ = {
			isa = PBXGroup;
			children = (
				962F2B101D63DB7500F790C0 /* DemoFlexibleWidthViewController.h */,
				962F2B111D63DB7500F790C0 /* DemoFlexibleWidthViewController.m */,
			);
			name = FlexibleWidthCollectionView;
			sourceTree = "<group>";
		};
		9639A9E21D458EEB007719B0 /* Templates */ = {
			isa = PBXGroup;
			children = (
				96512A891D6470620020CCAA /* JXArtisan.h */,
				9639A9E31D458EEB007719B0 /* Abstract */,
				9639A9EA1D458EEB007719B0 /* Base */,
				9639A9FA1D458EEB007719B0 /* Core */,
				9639A9FC1D458EEB007719B0 /* Derivative */,
				9639AA271D458EEB007719B0 /* Macro */,
				9639AA2A1D458EEB007719B0 /* Modules */,
			);
			path = Templates;
			sourceTree = "<group>";
		};
		9639A9E31D458EEB007719B0 /* Abstract */ = {
			isa = PBXGroup;
			children = (
				9639A9E41D458EEB007719B0 /* JXAbstractBaseTableView.h */,
				9639A9E51D458EEB007719B0 /* JXAbstractBaseTableView.m */,
				96EDCB3C1D4A51F400F9DC3F /* JXAbstractBaseCollectionView.h */,
				96EDCB3D1D4A51F400F9DC3F /* JXAbstractBaseCollectionView.m */,
			);
			path = Abstract;
			sourceTree = "<group>";
		};
		9639A9EA1D458EEB007719B0 /* Base */ = {
			isa = PBXGroup;
			children = (
				96512A8B1D6530FA0020CCAA /* UIView */,
				96FB7DA91D5B785900CDE4D7 /* Capability */,
				9639A9EE1D458EEB007719B0 /* JXBaseObject.h */,
				9639A9EF1D458EEB007719B0 /* JXBaseObject.m */,
				96EDCB451D4A579000F9DC3F /* UIPickerView */,
				96EDCB421D4A574A00F9DC3F /* UITableView */,
				96EDCB471D4A5EFF00F9DC3F /* UICollectionView */,
				96EDCB461D4A579D00F9DC3F /* UIViewController */,
			);
			path = Base;
			sourceTree = "<group>";
		};
		9639A9FA1D458EEB007719B0 /* Core */ = {
			isa = PBXGroup;
			children = (
			);
			path = Core;
			sourceTree = "<group>";
		};
		9639A9FC1D458EEB007719B0 /* Derivative */ = {
			isa = PBXGroup;
			children = (
				9639A9FD1D458EEB007719B0 /* UIButton */,
				9639A9FE1D458EEB007719B0 /* UICollectionView */,
				9639AA001D458EEB007719B0 /* UILabel */,
				9639AA011D458EEB007719B0 /* UIScrollView */,
				9639AA021D458EEB007719B0 /* UITableView */,
				9639AA231D458EEB007719B0 /* UIView */,
				9639AA241D458EEB007719B0 /* UIViewController */,
			);
			path = Derivative;
			sourceTree = "<group>";
		};
		9639A9FD1D458EEB007719B0 /* UIButton */ = {
			isa = PBXGroup;
			children = (
			);
			path = UIButton;
			sourceTree = "<group>";
		};
		9639A9FE1D458EEB007719B0 /* UICollectionView */ = {
			isa = PBXGroup;
			children = (
				962F2A9A1D6289A500F790C0 /* TagChooser */,
			);
			path = UICollectionView;
			sourceTree = "<group>";
		};
		9639AA001D458EEB007719B0 /* UILabel */ = {
			isa = PBXGroup;
			children = (
			);
			path = UILabel;
			sourceTree = "<group>";
		};
		9639AA011D458EEB007719B0 /* UIScrollView */ = {
			isa = PBXGroup;
			children = (
			);
			path = UIScrollView;
			sourceTree = "<group>";
		};
		9639AA021D458EEB007719B0 /* UITableView */ = {
			isa = PBXGroup;
			children = (
				9639AA091D458EEB007719B0 /* UITableViewCell */,
			);
			path = UITableView;
			sourceTree = "<group>";
		};
		9639AA091D458EEB007719B0 /* UITableViewCell */ = {
			isa = PBXGroup;
			children = (
				9639AA0A1D458EEB007719B0 /* Flow */,
			);
			path = UITableViewCell;
			sourceTree = "<group>";
		};
		9639AA0A1D458EEB007719B0 /* Flow */ = {
			isa = PBXGroup;
			children = (
				9639AA0B1D458EEB007719B0 /* FlowAnalytical.h */,
				9639AA0C1D458EEB007719B0 /* FlowAnalytical.m */,
				9639AA0D1D458EEB007719B0 /* SetMealCellModel.h */,
				9639AA0E1D458EEB007719B0 /* SetMealCellModel.m */,
				9639AA0F1D458EEB007719B0 /* SetMealTableView.h */,
				9639AA101D458EEB007719B0 /* SetMealTableView.m */,
				9639AA111D458EEB007719B0 /* SetMealTableViewCell.h */,
				9639AA121D458EEB007719B0 /* SetMealTableViewCell.m */,
			);
			path = Flow;
			sourceTree = "<group>";
		};
		9639AA231D458EEB007719B0 /* UIView */ = {
			isa = PBXGroup;
			children = (
			);
			path = UIView;
			sourceTree = "<group>";
		};
		9639AA241D458EEB007719B0 /* UIViewController */ = {
			isa = PBXGroup;
			children = (
				9639AA251D458EEB007719B0 /* JASTableViewController.h */,
				9639AA261D458EEB007719B0 /* JASTableViewController.m */,
			);
			path = UIViewController;
			sourceTree = "<group>";
		};
		9639AA271D458EEB007719B0 /* Macro */ = {
			isa = PBXGroup;
			children = (
				9639AA281D458EEB007719B0 /* GlobalConst.h */,
				9639AA291D458EEB007719B0 /* Prefix.pch */,
			);
			path = Macro;
			sourceTree = "<group>";
		};
		9639AA2A1D458EEB007719B0 /* Modules */ = {
			isa = PBXGroup;
			children = (
				9639AA2B1D458EEB007719B0 /* Category */,
				9639AA431D458EEB007719B0 /* Common */,
				9639AA4C1D458EEB007719B0 /* Encrypt */,
				9639AA4E1D458EEB007719B0 /* Libs */,
				9639AA5F1D458EEB007719B0 /* Network */,
				9639AA601D458EEB007719B0 /* Utils */,
			);
			path = Modules;
			sourceTree = "<group>";
		};
		9639AA2B1D458EEB007719B0 /* Category */ = {
			isa = PBXGroup;
			children = (
				9639AA351D458EEB007719B0 /* NSObject+Coder.h */,
				9639AA361D458EEB007719B0 /* NSObject+Coder.m */,
				9625079B1D461A3100DFF32D /* NSNumber+Coder.h */,
				9625079C1D461A3100DFF32D /* NSNumber+Coder.m */,
				9639AA371D458EEB007719B0 /* NSString+Coder.h */,
				9639AA381D458EEB007719B0 /* NSString+Coder.m */,
				9639AA2F1D458EEB007719B0 /* NSData+Coder.h */,
				9639AA301D458EEB007719B0 /* NSData+Coder.m */,
				9639AA311D458EEB007719B0 /* NSDate+Coder.h */,
				9639AA321D458EEB007719B0 /* NSDate+Coder.m */,
				9639AA391D458EEB007719B0 /* NSURL+Coder.h */,
				9639AA3A1D458EEB007719B0 /* NSURL+Coder.m */,
				9639AA3B1D458EEB007719B0 /* UIDevice+Coder.h */,
				9639AA3C1D458EEB007719B0 /* UIDevice+Coder.m */,
				9639AA3D1D458EEB007719B0 /* UIImage+Coder.h */,
				9639AA3E1D458EEB007719B0 /* UIImage+Coder.m */,
				9639AA3F1D458EEB007719B0 /* UIView+Coder.h */,
				9639AA401D458EEB007719B0 /* UIView+Coder.m */,
				9639AA2D1D458EEB007719B0 /* NSArray+Coder.h */,
				9639AA2E1D458EEB007719B0 /* NSArray+Coder.m */,
				9639AA331D458EEB007719B0 /* NSDictionary+Coder.h */,
				9639AA341D458EEB007719B0 /* NSDictionary+Coder.m */,
				9639AA411D458EEB007719B0 /* UIViewController+Coder.h */,
				9639AA421D458EEB007719B0 /* UIViewController+Coder.m */,
			);
			path = Category;
			sourceTree = "<group>";
		};
		9639AA431D458EEB007719B0 /* Common */ = {
			isa = PBXGroup;
			children = (
				9639AA441D458EEB007719B0 /* CircularProgress */,
				9639AA4B1D458EEB007719B0 /* PayChecker */,
			);
			path = Common;
			sourceTree = "<group>";
		};
		9639AA441D458EEB007719B0 /* CircularProgress */ = {
			isa = PBXGroup;
			children = (
				9639AA451D458EEB007719B0 /* JXCircleProgressView.h */,
				9639AA461D458EEB007719B0 /* JXCircleProgressView.m */,
				9639AA471D458EEB007719B0 /* JXCircleShapeLayer.h */,
				9639AA481D458EEB007719B0 /* JXCircleShapeLayer.m */,
				9639AA491D458EEB007719B0 /* JXSession.h */,
				9639AA4A1D458EEB007719B0 /* JXSession.m */,
			);
			path = CircularProgress;
			sourceTree = "<group>";
		};
		9639AA4B1D458EEB007719B0 /* PayChecker */ = {
			isa = PBXGroup;
			children = (
			);
			path = PayChecker;
			sourceTree = "<group>";
		};
		9639AA4C1D458EEB007719B0 /* Encrypt */ = {
			isa = PBXGroup;
			children = (
			);
			path = Encrypt;
			sourceTree = "<group>";
		};
		9639AA4E1D458EEB007719B0 /* Libs */ = {
			isa = PBXGroup;
			children = (
				962422291D4827FB0028A835 /* TYWaveProgressView */,
				965DB7181D46D06200C6546D /* BackgroundAudio */,
				9639AA4F1D458EEB007719B0 /* Badge */,
				9639AA541D458EEB007719B0 /* CircleProgressBar */,
				9639AA571D458EEB007719B0 /* JumpNumber */,
				9639AA5C1D458EEB007719B0 /* Waver */,
			);
			path = Libs;
			sourceTree = "<group>";
		};
		9639AA4F1D458EEB007719B0 /* Badge */ = {
			isa = PBXGroup;
			children = (
				9639AA501D458EEB007719B0 /* BadgeStyle.h */,
				9639AA511D458EEB007719B0 /* BadgeStyle.m */,
				9639AA521D458EEB007719B0 /* CustomBadge.h */,
				9639AA531D458EEB007719B0 /* CustomBadge.m */,
			);
			path = Badge;
			sourceTree = "<group>";
		};
		9639AA541D458EEB007719B0 /* CircleProgressBar */ = {
			isa = PBXGroup;
			children = (
				9639AA551D458EEB007719B0 /* CircleProgressBar.h */,
				9639AA561D458EEB007719B0 /* CircleProgressBar.m */,
			);
			path = CircleProgressBar;
			sourceTree = "<group>";
		};
		9639AA571D458EEB007719B0 /* JumpNumber */ = {
			isa = PBXGroup;
			children = (
				9639AA581D458EEB007719B0 /* DSNumberLabel.h */,
				9639AA591D458EEB007719B0 /* DSNumberLabel.m */,
				9639AA5A1D458EEB007719B0 /* NJDBezierCurve.h */,
				9639AA5B1D458EEB007719B0 /* NJDBezierCurve.m */,
			);
			path = JumpNumber;
			sourceTree = "<group>";
		};
		9639AA5C1D458EEB007719B0 /* Waver */ = {
			isa = PBXGroup;
			children = (
				9639AA5D1D458EEB007719B0 /* Waver.h */,
				9639AA5E1D458EEB007719B0 /* Waver.m */,
			);
			path = Waver;
			sourceTree = "<group>";
		};
		9639AA5F1D458EEB007719B0 /* Network */ = {
			isa = PBXGroup;
			children = (
				962058101D57FEEF0085DB4F /* JXHTTPSessionManager.h */,
				962058111D57FEEF0085DB4F /* JXHTTPSessionManager.m */,
			);
			path = Network;
			sourceTree = "<group>";
		};
		9639AA601D458EEB007719B0 /* Utils */ = {
			isa = PBXGroup;
			children = (
				962F2B001D63615A00F790C0 /* Encrpyt */,
				9639AA611D458EEB007719B0 /* JXUtils.h */,
				9639AA621D458EEB007719B0 /* JXUtils.m */,
			);
			path = Utils;
			sourceTree = "<group>";
		};
		963ED3C51D32485A0071BECF /* demo */ = {
			isa = PBXGroup;
			children = (
				9621570F1D50169F001019BB /* TableView */,
				9621570E1D501693001019BB /* CollectionView */,
				96E72F0C1D30A26000D5A3A9 /* ViewController.h */,
				96E72F0D1D30A26000D5A3A9 /* ViewController.m */,
				96F5F4591D31502200AB1C03 /* DemoModel.h */,
				96F5F45A1D31502200AB1C03 /* DemoModel.m */,
				96F5F45C1D3150A900AB1C03 /* CommentModel.h */,
				96F5F45D1D3150A900AB1C03 /* CommentModel.m */,
			);
			name = demo;
			sourceTree = "<group>";
		};
		96512A8A1D652A8E0020CCAA /* System */ = {
			isa = PBXGroup;
			children = (
				96EDCB4A1D4A5F4500F9DC3F /* JXDefaultCell.h */,
				96EDCB4B1D4A5F4500F9DC3F /* JXDefaultCell.m */,
				96EDCB4E1D4A5F4500F9DC3F /* JXSubtitleCell.h */,
				96EDCB4F1D4A5F4500F9DC3F /* JXSubtitleCell.m */,
				96EDCB521D4A5F4500F9DC3F /* JXValue1Cell.h */,
				96EDCB531D4A5F4500F9DC3F /* JXValue1Cell.m */,
				96EDCB561D4A5F4500F9DC3F /* JXValue2Cell.h */,
				96EDCB571D4A5F4500F9DC3F /* JXValue2Cell.m */,
			);
			name = System;
			sourceTree = "<group>";
		};
		96512A8B1D6530FA0020CCAA /* UIView */ = {
			isa = PBXGroup;
			children = (
			);
			name = UIView;
			sourceTree = "<group>";
		};
		965DB7181D46D06200C6546D /* BackgroundAudio */ = {
			isa = PBXGroup;
			children = (
				965DB7191D46D06200C6546D /* BackgroundAudioPlay.h */,
				965DB71A1D46D06200C6546D /* BackgroundAudioPlay.m */,
			);
			path = BackgroundAudio;
			sourceTree = "<group>";
		};
		96A3E06B1D4E13E200E8431F /* Layout */ = {
			isa = PBXGroup;
			children = (
				962F2B041D6363C800F790C0 /* Tmp */,
				96A3E0681D4E13DA00E8431F /* JXBaseCollectionViewFlowLayout.h */,
				96A3E0691D4E13DA00E8431F /* JXBaseCollectionViewFlowLayout.m */,
				962058201D58D4F20085DB4F /* JXWaterFlowVerLayout.h */,
				962058211D58D4F20085DB4F /* JXWaterFlowVerLayout.m */,
				9698B92A1D5F688600D593F2 /* JXWaterFlowHorLayout.h */,
				9698B92B1D5F688600D593F2 /* JXWaterFlowHorLayout.m */,
			);
			name = Layout;
			sourceTree = "<group>";
		};
		96E72EFA1D30A26000D5A3A9 = {
			isa = PBXGroup;
			children = (
				96E72F051D30A26000D5A3A9 /* DRArtisan */,
				96E72F1F1D30A26000D5A3A9 /* DRArtisanTests */,
				96E72F2A1D30A26000D5A3A9 /* DRArtisanUITests */,
				96E72F041D30A26000D5A3A9 /* Products */,
				849BF79DFB5E2FCD00B94664 /* Pods */,
				0122A5D4C1C3FD1B622A1D81 /* Frameworks */,
			);
			sourceTree = "<group>";
		};
		96E72F041D30A26000D5A3A9 /* Products */ = {
			isa = PBXGroup;
			children = (
				96E72F031D30A26000D5A3A9 /* DRArtisan.app */,
				96E72F1C1D30A26000D5A3A9 /* DRArtisanTests.xctest */,
				96E72F271D30A26000D5A3A9 /* DRArtisanUITests.xctest */,
			);
			name = Products;
			sourceTree = "<group>";
		};
		96E72F051D30A26000D5A3A9 /* DRArtisan */ = {
			isa = PBXGroup;
			children = (
				96E72F391D30A2E900D5A3A9 /* Classes */,
				96E72F061D30A26000D5A3A9 /* Supporting Files */,
			);
			path = DRArtisan;
			sourceTree = "<group>";
		};
		96E72F061D30A26000D5A3A9 /* Supporting Files */ = {
			isa = PBXGroup;
			children = (
				96E72F121D30A26000D5A3A9 /* Assets.xcassets */,
				96E72F141D30A26000D5A3A9 /* LaunchScreen.storyboard */,
				96E72F171D30A26000D5A3A9 /* Info.plist */,
				96E72F071D30A26000D5A3A9 /* main.m */,
			);
			name = "Supporting Files";
			sourceTree = "<group>";
		};
		96E72F1F1D30A26000D5A3A9 /* DRArtisanTests */ = {
			isa = PBXGroup;
			children = (
				96E72F201D30A26000D5A3A9 /* DRArtisanTests.m */,
				96E72F221D30A26000D5A3A9 /* Info.plist */,
			);
			path = DRArtisanTests;
			sourceTree = "<group>";
		};
		96E72F2A1D30A26000D5A3A9 /* DRArtisanUITests */ = {
			isa = PBXGroup;
			children = (
				96E72F2B1D30A26000D5A3A9 /* DRArtisanUITests.m */,
				96E72F2D1D30A26000D5A3A9 /* Info.plist */,
			);
			path = DRArtisanUITests;
			sourceTree = "<group>";
		};
		96E72F391D30A2E900D5A3A9 /* Classes */ = {
			isa = PBXGroup;
			children = (
				9639A9E21D458EEB007719B0 /* Templates */,
				96E72F6E1D30A3C900D5A3A9 /* Main */,
			);
			name = Classes;
			sourceTree = "<group>";
		};
		96E72F6E1D30A3C900D5A3A9 /* Main */ = {
			isa = PBXGroup;
			children = (
				963ED3C51D32485A0071BECF /* demo */,
				96E72F091D30A26000D5A3A9 /* AppDelegate.h */,
				96E72F0A1D30A26000D5A3A9 /* AppDelegate.m */,
				96E72F0F1D30A26000D5A3A9 /* Main.storyboard */,
			);
			name = Main;
			sourceTree = "<group>";
		};
		96EDCB421D4A574A00F9DC3F /* UITableView */ = {
			isa = PBXGroup;
			children = (
				96EDCB441D4A578000F9DC3F /* Models */,
				96EDCB431D4A576E00F9DC3F /* Cell */,
				96EDCB3F1D4A572800F9DC3F /* JXBaseTableView.h */,
				96EDCB401D4A572800F9DC3F /* JXBaseTableView.m */,
				96A3E05F1D4DEEAE00E8431F /* JXFlexibleHeightTableView.h */,
				96A3E0601D4DEEAE00E8431F /* JXFlexibleHeightTableView.m */,
				960BD81D1D50FD6500885DEE /* JXSupplementaryTitleTableView.h */,
				960BD81E1D50FD6500885DEE /* JXSupplementaryTitleTableView.m */,
				960BD8201D510BA300885DEE /* JXSupplementaryViewTableView.h */,
				960BD8211D510BA300885DEE /* JXSupplementaryViewTableView.m */,
				96844F7F1D5259A600C37697 /* JXSupplementaryHeaderTitleMix.h */,
				96844F801D5259A600C37697 /* JXSupplementaryHeaderTitleMix.m */,
				96844F821D5259C000C37697 /* JXSupplementaryHeaderViewMix.h */,
				96844F831D5259C000C37697 /* JXSupplementaryHeaderViewMix.m */,
			);
			name = UITableView;
			sourceTree = "<group>";
		};
		96EDCB431D4A576E00F9DC3F /* Cell */ = {
			isa = PBXGroup;
			children = (
				96EDCB391D4A50EE00F9DC3F /* JXBaseTableViewCell.h */,
				96EDCB3A1D4A50EE00F9DC3F /* JXBaseTableViewCell.m */,
				96512A8A1D652A8E0020CCAA /* System */,
			);
			name = Cell;
			sourceTree = "<group>";
		};
		96EDCB441D4A578000F9DC3F /* Models */ = {
			isa = PBXGroup;
			children = (
				96EDCB4C1D4A5F4500F9DC3F /* JXDefaultCellModel.h */,
				96EDCB4D1D4A5F4500F9DC3F /* JXDefaultCellModel.m */,
				96EDCB501D4A5F4500F9DC3F /* JXSubtitleCellModel.h */,
				96EDCB511D4A5F4500F9DC3F /* JXSubtitleCellModel.m */,
				96EDCB541D4A5F4500F9DC3F /* JXValue1CellModel.h */,
				96EDCB551D4A5F4500F9DC3F /* JXValue1CellModel.m */,
				96EDCB581D4A5F4500F9DC3F /* JXValue2CellModel.h */,
				96EDCB591D4A5F4500F9DC3F /* JXValue2CellModel.m */,
			);
			name = Models;
			sourceTree = "<group>";
		};
		96EDCB451D4A579000F9DC3F /* UIPickerView */ = {
			isa = PBXGroup;
			children = (
				9639A9F01D458EEB007719B0 /* JXBasePickerView.h */,
				9639A9F11D458EEB007719B0 /* JXBasePickerView.m */,
			);
			name = UIPickerView;
			sourceTree = "<group>";
		};
		96EDCB461D4A579D00F9DC3F /* UIViewController */ = {
			isa = PBXGroup;
			children = (
				9639A9F21D458EEB007719B0 /* JXBaseViewController.h */,
				9639A9F31D458EEB007719B0 /* JXBaseViewController.m */,
				9639A9EC1D458EEB007719B0 /* JXBaseNavigationController.h */,
				9639A9ED1D458EEB007719B0 /* JXBaseNavigationController.m */,
			);
			name = UIViewController;
			sourceTree = "<group>";
		};
		96EDCB471D4A5EFF00F9DC3F /* UICollectionView */ = {
			isa = PBXGroup;
			children = (
				96A3E06B1D4E13E200E8431F /* Layout */,
				96EDCB491D4A5F1500F9DC3F /* Models */,
				96EDCB481D4A5F1100F9DC3F /* Cell */,
				96EDCB361D4A503A00F9DC3F /* JXBaseCollectionView.h */,
				96EDCB371D4A503A00F9DC3F /* JXBaseCollectionView.m */,
				96289F131D4E3476000F7665 /* JXFlexibleHeightCollectionView.h */,
				96289F141D4E3476000F7665 /* JXFlexibleHeightCollectionView.m */,
				9698B92D1D6139D100D593F2 /* JXFlexibleWidthCollectionView.h */,
				9698B92E1D6139D100D593F2 /* JXFlexibleWidthCollectionView.m */,
			);
			name = UICollectionView;
			sourceTree = "<group>";
		};
		96EDCB481D4A5F1100F9DC3F /* Cell */ = {
			isa = PBXGroup;
			children = (
				96EDCB621D4A5F9900F9DC3F /* JXBaseCollectionViewCell.h */,
				96EDCB631D4A5F9900F9DC3F /* JXBaseCollectionViewCell.m */,
			);
			name = Cell;
			sourceTree = "<group>";
		};
		96EDCB491D4A5F1500F9DC3F /* Models */ = {
			isa = PBXGroup;
			children = (
			);
			name = Models;
			sourceTree = "<group>";
		};
		96FB7DA91D5B785900CDE4D7 /* Capability */ = {
			isa = PBXGroup;
			children = (
				96FB7DAA1D5B787E00CDE4D7 /* Capable.h */,
				96FB7DAB1D5B787E00CDE4D7 /* Capable.m */,
			);
			name = Capability;
			sourceTree = "<group>";
		};
/* End PBXGroup section */

/* Begin PBXNativeTarget section */
		96E72F021D30A26000D5A3A9 /* DRArtisan */ = {
			isa = PBXNativeTarget;
			buildConfigurationList = 96E72F301D30A26000D5A3A9 /* Build configuration list for PBXNativeTarget "DRArtisan" */;
			buildPhases = (
				4B6F7A98D5BBB0F1F0346098 /* Check Pods Manifest.lock */,
				96E72EFF1D30A26000D5A3A9 /* Sources */,
				96E72F001D30A26000D5A3A9 /* Frameworks */,
				96E72F011D30A26000D5A3A9 /* Resources */,
				E24ACA7C257E238B7C3D4D4B /* Embed Pods Frameworks */,
				3711E1027FF0AC7577B8E417 /* Copy Pods Resources */,
			);
			buildRules = (
			);
			dependencies = (
			);
			name = DRArtisan;
			productName = DRArtisan;
			productReference = 96E72F031D30A26000D5A3A9 /* DRArtisan.app */;
			productType = "com.apple.product-type.application";
		};
		96E72F1B1D30A26000D5A3A9 /* DRArtisanTests */ = {
			isa = PBXNativeTarget;
			buildConfigurationList = 96E72F331D30A26000D5A3A9 /* Build configuration list for PBXNativeTarget "DRArtisanTests" */;
			buildPhases = (
				96E72F181D30A26000D5A3A9 /* Sources */,
				96E72F191D30A26000D5A3A9 /* Frameworks */,
				96E72F1A1D30A26000D5A3A9 /* Resources */,
			);
			buildRules = (
			);
			dependencies = (
				96E72F1E1D30A26000D5A3A9 /* PBXTargetDependency */,
			);
			name = DRArtisanTests;
			productName = DRArtisanTests;
			productReference = 96E72F1C1D30A26000D5A3A9 /* DRArtisanTests.xctest */;
			productType = "com.apple.product-type.bundle.unit-test";
		};
		96E72F261D30A26000D5A3A9 /* DRArtisanUITests */ = {
			isa = PBXNativeTarget;
			buildConfigurationList = 96E72F361D30A26000D5A3A9 /* Build configuration list for PBXNativeTarget "DRArtisanUITests" */;
			buildPhases = (
				96E72F231D30A26000D5A3A9 /* Sources */,
				96E72F241D30A26000D5A3A9 /* Frameworks */,
				96E72F251D30A26000D5A3A9 /* Resources */,
			);
			buildRules = (
			);
			dependencies = (
				96E72F291D30A26000D5A3A9 /* PBXTargetDependency */,
			);
			name = DRArtisanUITests;
			productName = DRArtisanUITests;
			productReference = 96E72F271D30A26000D5A3A9 /* DRArtisanUITests.xctest */;
			productType = "com.apple.product-type.bundle.ui-testing";
		};
/* End PBXNativeTarget section */

/* Begin PBXProject section */
		96E72EFB1D30A26000D5A3A9 /* Project object */ = {
			isa = PBXProject;
			attributes = {
				LastUpgradeCheck = 0730;
				ORGANIZATIONNAME = DR;
				TargetAttributes = {
					96E72F021D30A26000D5A3A9 = {
						CreatedOnToolsVersion = 7.3.1;
						DevelopmentTeam = F58B2JKMDB;
					};
					96E72F1B1D30A26000D5A3A9 = {
						CreatedOnToolsVersion = 7.3.1;
						TestTargetID = 96E72F021D30A26000D5A3A9;
					};
					96E72F261D30A26000D5A3A9 = {
						CreatedOnToolsVersion = 7.3.1;
						TestTargetID = 96E72F021D30A26000D5A3A9;
					};
				};
			};
			buildConfigurationList = 96E72EFE1D30A26000D5A3A9 /* Build configuration list for PBXProject "DRArtisan" */;
			compatibilityVersion = "Xcode 3.2";
			developmentRegion = English;
			hasScannedForEncodings = 0;
			knownRegions = (
				en,
				Base,
			);
			mainGroup = 96E72EFA1D30A26000D5A3A9;
			productRefGroup = 96E72F041D30A26000D5A3A9 /* Products */;
			projectDirPath = "";
			projectRoot = "";
			targets = (
				96E72F021D30A26000D5A3A9 /* DRArtisan */,
				96E72F1B1D30A26000D5A3A9 /* DRArtisanTests */,
				96E72F261D30A26000D5A3A9 /* DRArtisanUITests */,
			);
		};
/* End PBXProject section */

/* Begin PBXResourcesBuildPhase section */
		96E72F011D30A26000D5A3A9 /* Resources */ = {
			isa = PBXResourcesBuildPhase;
			buildActionMask = 2147483647;
			files = (
				962058271D594B270085DB4F /* PhotoCell.xib in Resources */,
				96E72F161D30A26000D5A3A9 /* LaunchScreen.storyboard in Resources */,
				96E72F131D30A26000D5A3A9 /* Assets.xcassets in Resources */,
				96E72F111D30A26000D5A3A9 /* Main.storyboard in Resources */,
			);
			runOnlyForDeploymentPostprocessing = 0;
		};
		96E72F1A1D30A26000D5A3A9 /* Resources */ = {
			isa = PBXResourcesBuildPhase;
			buildActionMask = 2147483647;
			files = (
			);
			runOnlyForDeploymentPostprocessing = 0;
		};
		96E72F251D30A26000D5A3A9 /* Resources */ = {
			isa = PBXResourcesBuildPhase;
			buildActionMask = 2147483647;
			files = (
			);
			runOnlyForDeploymentPostprocessing = 0;
		};
/* End PBXResourcesBuildPhase section */

/* Begin PBXShellScriptBuildPhase section */
		3711E1027FF0AC7577B8E417 /* Copy Pods Resources */ = {
			isa = PBXShellScriptBuildPhase;
			buildActionMask = 2147483647;
			files = (
			);
			inputPaths = (
			);
			name = "Copy Pods Resources";
			outputPaths = (
			);
			runOnlyForDeploymentPostprocessing = 0;
			shellPath = /bin/sh;
			shellScript = "\"${SRCROOT}/Pods/Target Support Files/Pods/Pods-resources.sh\"\n";
			showEnvVarsInLog = 0;
		};
		4B6F7A98D5BBB0F1F0346098 /* Check Pods Manifest.lock */ = {
			isa = PBXShellScriptBuildPhase;
			buildActionMask = 2147483647;
			files = (
			);
			inputPaths = (
			);
			name = "Check Pods Manifest.lock";
			outputPaths = (
			);
			runOnlyForDeploymentPostprocessing = 0;
			shellPath = /bin/sh;
			shellScript = "diff \"${PODS_ROOT}/../Podfile.lock\" \"${PODS_ROOT}/Manifest.lock\" > /dev/null\nif [[ $? != 0 ]] ; then\n    cat << EOM\nerror: The sandbox is not in sync with the Podfile.lock. Run 'pod install' or update your CocoaPods installation.\nEOM\n    exit 1\nfi\n";
			showEnvVarsInLog = 0;
		};
		E24ACA7C257E238B7C3D4D4B /* Embed Pods Frameworks */ = {
			isa = PBXShellScriptBuildPhase;
			buildActionMask = 2147483647;
			files = (
			);
			inputPaths = (
			);
			name = "Embed Pods Frameworks";
			outputPaths = (
			);
			runOnlyForDeploymentPostprocessing = 0;
			shellPath = /bin/sh;
			shellScript = "\"${SRCROOT}/Pods/Target Support Files/Pods/Pods-frameworks.sh\"\n";
			showEnvVarsInLog = 0;
		};
/* End PBXShellScriptBuildPhase section */

/* Begin PBXSourcesBuildPhase section */
		96E72EFF1D30A26000D5A3A9 /* Sources */ = {
			isa = PBXSourcesBuildPhase;
			buildActionMask = 2147483647;
			files = (
				9639AA891D458EEB007719B0 /* JXCircleShapeLayer.m in Sources */,
				9639AA7D1D458EEB007719B0 /* NSArray+Coder.m in Sources */,
				9639AA8E1D458EEB007719B0 /* CircleProgressBar.m in Sources */,
				9639AA731D458EEB007719B0 /* SetMealTableViewCell.m in Sources */,
				96A3E0711D4E18BC00E8431F /* FlexibleHeightCollectionViewController.m in Sources */,
				9639AA851D458EEB007719B0 /* UIImage+Coder.m in Sources */,
				96F5F45B1D31502200AB1C03 /* DemoModel.m in Sources */,
				9639AA901D458EEB007719B0 /* NJDBezierCurve.m in Sources */,
				96EDCB411D4A572800F9DC3F /* JXBaseTableView.m in Sources */,
				96289F151D4E3476000F7665 /* JXFlexibleHeightCollectionView.m in Sources */,
				9639AA671D458EEB007719B0 /* JXBasePickerView.m in Sources */,
				9639AA681D458EEB007719B0 /* JXBaseViewController.m in Sources */,
				9698B92F1D6139D100D593F2 /* JXFlexibleWidthCollectionView.m in Sources */,
				9639AA831D458EEB007719B0 /* NSURL+Coder.m in Sources */,
				9639AA721D458EEB007719B0 /* SetMealTableView.m in Sources */,
				96F5F45E1D3150A900AB1C03 /* CommentModel.m in Sources */,
				965DB71B1D46D06200C6546D /* BackgroundAudioPlay.m in Sources */,
				9624222E1D4827FB0028A835 /* TYWaterWaveView.m in Sources */,
				9639AA631D458EEB007719B0 /* JXAbstractBaseTableView.m in Sources */,
				962058151D5847C90085DB4F /* NewsModel.m in Sources */,
				96EDCB5D1D4A5F4500F9DC3F /* JXSubtitleCellModel.m in Sources */,
				96A3E06A1D4E13DA00E8431F /* JXBaseCollectionViewFlowLayout.m in Sources */,
				96E72F0E1D30A26000D5A3A9 /* ViewController.m in Sources */,
				962F2B031D63623600F790C0 /* EncryptSymmetry.m in Sources */,
				96EDCB5A1D4A5F4500F9DC3F /* JXDefaultCell.m in Sources */,
				9639AA651D458EEB007719B0 /* JXBaseNavigationController.m in Sources */,
				9639AA8C1D458EEB007719B0 /* BadgeStyle.m in Sources */,
				9639AA881D458EEB007719B0 /* JXCircleProgressView.m in Sources */,
				96EDCB5C1D4A5F4500F9DC3F /* JXSubtitleCell.m in Sources */,
				96EDCB381D4A503A00F9DC3F /* JXBaseCollectionView.m in Sources */,
				962F2B121D63DB7500F790C0 /* DemoFlexibleWidthViewController.m in Sources */,
				9639AA861D458EEB007719B0 /* UIView+Coder.m in Sources */,
				9639AA8A1D458EEB007719B0 /* JXSession.m in Sources */,
				9625079D1D461A3100DFF32D /* NSNumber+Coder.m in Sources */,
				9639AA911D458EEB007719B0 /* Waver.m in Sources */,
				9624222F1D4827FB0028A835 /* TYWaveProgressView.m in Sources */,
				96EDCB641D4A5F9900F9DC3F /* JXBaseCollectionViewCell.m in Sources */,
				962F2A9D1D6289D100F790C0 /* JXTagChooserView.m in Sources */,
				96EDCB5E1D4A5F4500F9DC3F /* JXValue1Cell.m in Sources */,
				9639AA701D458EEB007719B0 /* FlowAnalytical.m in Sources */,
				962F2B0C1D63D8B000F790C0 /* JXTagChooserModel.m in Sources */,
				96844F841D5259C000C37697 /* JXSupplementaryHeaderViewMix.m in Sources */,
				96EDCB3B1D4A50EE00F9DC3F /* JXBaseTableViewCell.m in Sources */,
				9639AA801D458EEB007719B0 /* NSDictionary+Coder.m in Sources */,
				962058181D584FBB0085DB4F /* NewsCollectionCell.m in Sources */,
				962058121D57FEEF0085DB4F /* JXHTTPSessionManager.m in Sources */,
				96A3E05E1D4DE32200E8431F /* DemoTableViewController.m in Sources */,
				960BD81F1D50FD6500885DEE /* JXSupplementaryTitleTableView.m in Sources */,
				96EDCB3E1D4A51F400F9DC3F /* JXAbstractBaseCollectionView.m in Sources */,
				9639AA711D458EEB007719B0 /* SetMealCellModel.m in Sources */,
				9620582A1D594BAD0085DB4F /* Photo.m in Sources */,
				96844F811D5259A600C37697 /* JXSupplementaryHeaderTitleMix.m in Sources */,
				96EDCB5F1D4A5F4500F9DC3F /* JXValue1CellModel.m in Sources */,
				96E72F0B1D30A26000D5A3A9 /* AppDelegate.m in Sources */,
				9639AA7C1D458EEB007719B0 /* JASTableViewController.m in Sources */,
				9639AA811D458EEB007719B0 /* NSObject+Coder.m in Sources */,
				96EDCB611D4A5F4500F9DC3F /* JXValue2CellModel.m in Sources */,
				960BD8221D510BA300885DEE /* JXSupplementaryViewTableView.m in Sources */,
				9639AA841D458EEB007719B0 /* UIDevice+Coder.m in Sources */,
				9639AA661D458EEB007719B0 /* JXBaseObject.m in Sources */,
				9639AA7E1D458EEB007719B0 /* NSData+Coder.m in Sources */,
				9698B92C1D5F688600D593F2 /* JXWaterFlowHorLayout.m in Sources */,
				96A3E06E1D4E184800E8431F /* WaterfallFlowLayout.m in Sources */,
				962F2B071D6365D800F790C0 /* JXTagChooserCell.m in Sources */,
				9639AA821D458EEB007719B0 /* NSString+Coder.m in Sources */,
				96E72F081D30A26000D5A3A9 /* main.m in Sources */,
				96A3E0611D4DEEAE00E8431F /* JXFlexibleHeightTableView.m in Sources */,
				96EDCB601D4A5F4500F9DC3F /* JXValue2Cell.m in Sources */,
				9639AA8F1D458EEB007719B0 /* DSNumberLabel.m in Sources */,
				9639AA8D1D458EEB007719B0 /* CustomBadge.m in Sources */,
				962058221D58D4F20085DB4F /* JXWaterFlowVerLayout.m in Sources */,
				9639AA7F1D458EEB007719B0 /* NSDate+Coder.m in Sources */,
				962058261D594B270085DB4F /* PhotoCell.m in Sources */,
				96FB7DAC1D5B787E00CDE4D7 /* Capable.m in Sources */,
				96EDCB5B1D4A5F4500F9DC3F /* JXDefaultCellModel.m in Sources */,
				9639AA921D458EEB007719B0 /* JXUtils.m in Sources */,
				9639AA871D458EEB007719B0 /* UIViewController+Coder.m in Sources */,
			);
			runOnlyForDeploymentPostprocessing = 0;
		};
		96E72F181D30A26000D5A3A9 /* Sources */ = {
			isa = PBXSourcesBuildPhase;
			buildActionMask = 2147483647;
			files = (
				96E72F211D30A26000D5A3A9 /* DRArtisanTests.m in Sources */,
			);
			runOnlyForDeploymentPostprocessing = 0;
		};
		96E72F231D30A26000D5A3A9 /* Sources */ = {
			isa = PBXSourcesBuildPhase;
			buildActionMask = 2147483647;
			files = (
				96E72F2C1D30A26000D5A3A9 /* DRArtisanUITests.m in Sources */,
			);
			runOnlyForDeploymentPostprocessing = 0;
		};
/* End PBXSourcesBuildPhase section */

/* Begin PBXTargetDependency section */
		96E72F1E1D30A26000D5A3A9 /* PBXTargetDependency */ = {
			isa = PBXTargetDependency;
			target = 96E72F021D30A26000D5A3A9 /* DRArtisan */;
			targetProxy = 96E72F1D1D30A26000D5A3A9 /* PBXContainerItemProxy */;
		};
		96E72F291D30A26000D5A3A9 /* PBXTargetDependency */ = {
			isa = PBXTargetDependency;
			target = 96E72F021D30A26000D5A3A9 /* DRArtisan */;
			targetProxy = 96E72F281D30A26000D5A3A9 /* PBXContainerItemProxy */;
		};
/* End PBXTargetDependency section */

/* Begin PBXVariantGroup section */
		96E72F0F1D30A26000D5A3A9 /* Main.storyboard */ = {
			isa = PBXVariantGroup;
			children = (
				96E72F101D30A26000D5A3A9 /* Base */,
			);
			name = Main.storyboard;
			sourceTree = "<group>";
		};
		96E72F141D30A26000D5A3A9 /* LaunchScreen.storyboard */ = {
			isa = PBXVariantGroup;
			children = (
				96E72F151D30A26000D5A3A9 /* Base */,
			);
			name = LaunchScreen.storyboard;
			sourceTree = "<group>";
		};
/* End PBXVariantGroup section */

/* Begin XCBuildConfiguration section */
		96E72F2E1D30A26000D5A3A9 /* Debug */ = {
			isa = XCBuildConfiguration;
			buildSettings = {
				ALWAYS_SEARCH_USER_PATHS = NO;
				CLANG_ANALYZER_NONNULL = YES;
				CLANG_CXX_LANGUAGE_STANDARD = "gnu++0x";
				CLANG_CXX_LIBRARY = "libc++";
				CLANG_ENABLE_MODULES = YES;
				CLANG_ENABLE_OBJC_ARC = YES;
				CLANG_WARN_BOOL_CONVERSION = YES;
				CLANG_WARN_CONSTANT_CONVERSION = YES;
				CLANG_WARN_DIRECT_OBJC_ISA_USAGE = YES_ERROR;
				CLANG_WARN_EMPTY_BODY = YES;
				CLANG_WARN_ENUM_CONVERSION = YES;
				CLANG_WARN_INT_CONVERSION = YES;
				CLANG_WARN_OBJC_ROOT_CLASS = YES_ERROR;
				CLANG_WARN_UNREACHABLE_CODE = YES;
				CLANG_WARN__DUPLICATE_METHOD_MATCH = YES;
				"CODE_SIGN_IDENTITY[sdk=iphoneos*]" = "iPhone Developer";
				COPY_PHASE_STRIP = NO;
				DEBUG_INFORMATION_FORMAT = dwarf;
				ENABLE_STRICT_OBJC_MSGSEND = YES;
				ENABLE_TESTABILITY = YES;
				GCC_C_LANGUAGE_STANDARD = gnu99;
				GCC_DYNAMIC_NO_PIC = NO;
				GCC_NO_COMMON_BLOCKS = YES;
				GCC_OPTIMIZATION_LEVEL = 0;
				GCC_PREPROCESSOR_DEFINITIONS = (
					"DEBUG=1",
					"$(inherited)",
				);
				GCC_WARN_64_TO_32_BIT_CONVERSION = YES;
				GCC_WARN_ABOUT_RETURN_TYPE = YES_ERROR;
				GCC_WARN_UNDECLARED_SELECTOR = YES;
				GCC_WARN_UNINITIALIZED_AUTOS = YES_AGGRESSIVE;
				GCC_WARN_UNUSED_FUNCTION = YES;
				GCC_WARN_UNUSED_VARIABLE = YES;
				IPHONEOS_DEPLOYMENT_TARGET = 9.3;
				MTL_ENABLE_DEBUG_INFO = YES;
				ONLY_ACTIVE_ARCH = YES;
				SDKROOT = iphoneos;
			};
			name = Debug;
		};
		96E72F2F1D30A26000D5A3A9 /* Release */ = {
			isa = XCBuildConfiguration;
			buildSettings = {
				ALWAYS_SEARCH_USER_PATHS = NO;
				CLANG_ANALYZER_NONNULL = YES;
				CLANG_CXX_LANGUAGE_STANDARD = "gnu++0x";
				CLANG_CXX_LIBRARY = "libc++";
				CLANG_ENABLE_MODULES = YES;
				CLANG_ENABLE_OBJC_ARC = YES;
				CLANG_WARN_BOOL_CONVERSION = YES;
				CLANG_WARN_CONSTANT_CONVERSION = YES;
				CLANG_WARN_DIRECT_OBJC_ISA_USAGE = YES_ERROR;
				CLANG_WARN_EMPTY_BODY = YES;
				CLANG_WARN_ENUM_CONVERSION = YES;
				CLANG_WARN_INT_CONVERSION = YES;
				CLANG_WARN_OBJC_ROOT_CLASS = YES_ERROR;
				CLANG_WARN_UNREACHABLE_CODE = YES;
				CLANG_WARN__DUPLICATE_METHOD_MATCH = YES;
				"CODE_SIGN_IDENTITY[sdk=iphoneos*]" = "iPhone Developer";
				COPY_PHASE_STRIP = NO;
				DEBUG_INFORMATION_FORMAT = "dwarf-with-dsym";
				ENABLE_NS_ASSERTIONS = NO;
				ENABLE_STRICT_OBJC_MSGSEND = YES;
				GCC_C_LANGUAGE_STANDARD = gnu99;
				GCC_NO_COMMON_BLOCKS = YES;
				GCC_WARN_64_TO_32_BIT_CONVERSION = YES;
				GCC_WARN_ABOUT_RETURN_TYPE = YES_ERROR;
				GCC_WARN_UNDECLARED_SELECTOR = YES;
				GCC_WARN_UNINITIALIZED_AUTOS = YES_AGGRESSIVE;
				GCC_WARN_UNUSED_FUNCTION = YES;
				GCC_WARN_UNUSED_VARIABLE = YES;
				IPHONEOS_DEPLOYMENT_TARGET = 9.3;
				MTL_ENABLE_DEBUG_INFO = NO;
				SDKROOT = iphoneos;
				VALIDATE_PRODUCT = YES;
			};
			name = Release;
		};
		96E72F311D30A26000D5A3A9 /* Debug */ = {
			isa = XCBuildConfiguration;
			baseConfigurationReference = 04C5D075614A0BDD6B1FA191 /* Pods.debug.xcconfig */;
			buildSettings = {
				ASSETCATALOG_COMPILER_APPICON_NAME = AppIcon;
				CODE_SIGN_IDENTITY = "iPhone Developer";
				"CODE_SIGN_IDENTITY[sdk=iphoneos*]" = "iPhone Developer";
				FRAMEWORK_SEARCH_PATHS = (
					"$(inherited)",
					"$(PROJECT_DIR)/DRArtisan/Templates/Core",
					"$(PROJECT_DIR)/DRArtisan/Templates/Modules/Encrypt",
				);
				GCC_PREFIX_HEADER = DRArtisan/Templates/Macro/Prefix.pch;
				INFOPLIST_FILE = DRArtisan/Info.plist;
				IPHONEOS_DEPLOYMENT_TARGET = 8.0;
				LD_RUNPATH_SEARCH_PATHS = "$(inherited) @executable_path/Frameworks";
				PRODUCT_BUNDLE_IDENTIFIER = com.lq.jason999;
				PRODUCT_NAME = "$(TARGET_NAME)";
				PROVISIONING_PROFILE = "";
			};
			name = Debug;
		};
		96E72F321D30A26000D5A3A9 /* Release */ = {
			isa = XCBuildConfiguration;
			baseConfigurationReference = 3127636F46455AFFEAEDA01C /* Pods.release.xcconfig */;
			buildSettings = {
				ASSETCATALOG_COMPILER_APPICON_NAME = AppIcon;
				CODE_SIGN_IDENTITY = "iPhone Developer";
				"CODE_SIGN_IDENTITY[sdk=iphoneos*]" = "iPhone Developer";
				FRAMEWORK_SEARCH_PATHS = (
					"$(inherited)",
					"$(PROJECT_DIR)/DRArtisan/Templates/Core",
					"$(PROJECT_DIR)/DRArtisan/Templates/Modules/Encrypt",
				);
				GCC_PREFIX_HEADER = DRArtisan/Templates/Macro/Prefix.pch;
				INFOPLIST_FILE = DRArtisan/Info.plist;
				IPHONEOS_DEPLOYMENT_TARGET = 8.0;
				LD_RUNPATH_SEARCH_PATHS = "$(inherited) @executable_path/Frameworks";
				PRODUCT_BUNDLE_IDENTIFIER = com.lq.jason999;
				PRODUCT_NAME = "$(TARGET_NAME)";
				PROVISIONING_PROFILE = "";
			};
			name = Release;
		};
		96E72F341D30A26000D5A3A9 /* Debug */ = {
			isa = XCBuildConfiguration;
			buildSettings = {
				BUNDLE_LOADER = "$(TEST_HOST)";
				INFOPLIST_FILE = DRArtisanTests/Info.plist;
				LD_RUNPATH_SEARCH_PATHS = "$(inherited) @executable_path/Frameworks @loader_path/Frameworks";
				PRODUCT_BUNDLE_IDENTIFIER = com.coder.ios.object.DRArtisanTests;
				PRODUCT_NAME = "$(TARGET_NAME)";
				TEST_HOST = "$(BUILT_PRODUCTS_DIR)/DRArtisan.app/DRArtisan";
			};
			name = Debug;
		};
		96E72F351D30A26000D5A3A9 /* Release */ = {
			isa = XCBuildConfiguration;
			buildSettings = {
				BUNDLE_LOADER = "$(TEST_HOST)";
				INFOPLIST_FILE = DRArtisanTests/Info.plist;
				LD_RUNPATH_SEARCH_PATHS = "$(inherited) @executable_path/Frameworks @loader_path/Frameworks";
				PRODUCT_BUNDLE_IDENTIFIER = com.coder.ios.object.DRArtisanTests;
				PRODUCT_NAME = "$(TARGET_NAME)";
				TEST_HOST = "$(BUILT_PRODUCTS_DIR)/DRArtisan.app/DRArtisan";
			};
			name = Release;
		};
		96E72F371D30A26000D5A3A9 /* Debug */ = {
			isa = XCBuildConfiguration;
			buildSettings = {
				INFOPLIST_FILE = DRArtisanUITests/Info.plist;
				LD_RUNPATH_SEARCH_PATHS = "$(inherited) @executable_path/Frameworks @loader_path/Frameworks";
				PRODUCT_BUNDLE_IDENTIFIER = com.coder.ios.object.DRArtisanUITests;
				PRODUCT_NAME = "$(TARGET_NAME)";
				TEST_TARGET_NAME = DRArtisan;
			};
			name = Debug;
		};
		96E72F381D30A26000D5A3A9 /* Release */ = {
			isa = XCBuildConfiguration;
			buildSettings = {
				INFOPLIST_FILE = DRArtisanUITests/Info.plist;
				LD_RUNPATH_SEARCH_PATHS = "$(inherited) @executable_path/Frameworks @loader_path/Frameworks";
				PRODUCT_BUNDLE_IDENTIFIER = com.coder.ios.object.DRArtisanUITests;
				PRODUCT_NAME = "$(TARGET_NAME)";
				TEST_TARGET_NAME = DRArtisan;
			};
			name = Release;
		};
/* End XCBuildConfiguration section */

/* Begin XCConfigurationList section */
		96E72EFE1D30A26000D5A3A9 /* Build configuration list for PBXProject "DRArtisan" */ = {
			isa = XCConfigurationList;
			buildConfigurations = (
				96E72F2E1D30A26000D5A3A9 /* Debug */,
				96E72F2F1D30A26000D5A3A9 /* Release */,
			);
			defaultConfigurationIsVisible = 0;
			defaultConfigurationName = Release;
		};
		96E72F301D30A26000D5A3A9 /* Build configuration list for PBXNativeTarget "DRArtisan" */ = {
			isa = XCConfigurationList;
			buildConfigurations = (
				96E72F311D30A26000D5A3A9 /* Debug */,
				96E72F321D30A26000D5A3A9 /* Release */,
			);
			defaultConfigurationIsVisible = 0;
			defaultConfigurationName = Release;
		};
		96E72F331D30A26000D5A3A9 /* Build configuration list for PBXNativeTarget "DRArtisanTests" */ = {
			isa = XCConfigurationList;
			buildConfigurations = (
				96E72F341D30A26000D5A3A9 /* Debug */,
				96E72F351D30A26000D5A3A9 /* Release */,
			);
			defaultConfigurationIsVisible = 0;
			defaultConfigurationName = Release;
		};
		96E72F361D30A26000D5A3A9 /* Build configuration list for PBXNativeTarget "DRArtisanUITests" */ = {
			isa = XCConfigurationList;
			buildConfigurations = (
				96E72F371D30A26000D5A3A9 /* Debug */,
				96E72F381D30A26000D5A3A9 /* Release */,
			);
			defaultConfigurationIsVisible = 0;
			defaultConfigurationName = Release;
		};
/* End XCConfigurationList section */
	};
	rootObject = 96E72EFB1D30A26000D5A3A9 /* Project object */;
}
