// !$*UTF8*$!
{
	archiveVersion = 1;
	classes = {
	};
	objectVersion = 46;
	objects = {

/* Begin PBXBuildFile section */
		9611CDB01D3B58A500E47DE7 /* DSNumberLabel.m in Sources */ = {isa = PBXBuildFile; fileRef = 9611CDAD1D3B58A500E47DE7 /* DSNumberLabel.m */; };
		9611CDB11D3B58A500E47DE7 /* NJDBezierCurve.m in Sources */ = {isa = PBXBuildFile; fileRef = 9611CDAF1D3B58A500E47DE7 /* NJDBezierCurve.m */; };
		9611CDB41D3B59E300E47DE7 /* JASUtils.m in Sources */ = {isa = PBXBuildFile; fileRef = 9611CDB31D3B59E300E47DE7 /* JASUtils.m */; };
		963ED77A1D34666C0071BECF /* AbstractBaseTableView.m in Sources */ = {isa = PBXBuildFile; fileRef = 963ED7181D34666C0071BECF /* AbstractBaseTableView.m */; };
		963ED77B1D34666C0071BECF /* BaseTableViewCell.m in Sources */ = {isa = PBXBuildFile; fileRef = 963ED71C1D34666C0071BECF /* BaseTableViewCell.m */; };
		963ED77C1D34666C0071BECF /* BaseNavigationController.m in Sources */ = {isa = PBXBuildFile; fileRef = 963ED7201D34666C0071BECF /* BaseNavigationController.m */; };
		963ED77D1D34666C0071BECF /* BaseObject.m in Sources */ = {isa = PBXBuildFile; fileRef = 963ED7221D34666C0071BECF /* BaseObject.m */; };
		963ED77E1D34666C0071BECF /* BasePickerView.m in Sources */ = {isa = PBXBuildFile; fileRef = 963ED7241D34666C0071BECF /* BasePickerView.m */; };
		963ED77F1D34666C0071BECF /* BaseViewController.m in Sources */ = {isa = PBXBuildFile; fileRef = 963ED7261D34666C0071BECF /* BaseViewController.m */; };
		963ED7801D34666C0071BECF /* JASBaseCellModel.m in Sources */ = {isa = PBXBuildFile; fileRef = 963ED7281D34666C0071BECF /* JASBaseCellModel.m */; };
		963ED7811D34666C0071BECF /* MultidimensionTableView.m in Sources */ = {isa = PBXBuildFile; fileRef = 963ED72A1D34666C0071BECF /* MultidimensionTableView.m */; };
		963ED7821D34666C0071BECF /* SingledimensionTableView.m in Sources */ = {isa = PBXBuildFile; fileRef = 963ED72C1D34666C0071BECF /* SingledimensionTableView.m */; };
		963ED7831D34666C0071BECF /* DRCore.framework in Frameworks */ = {isa = PBXBuildFile; fileRef = 963ED72E1D34666C0071BECF /* DRCore.framework */; };
		963ED7841D34666C0071BECF /* BaseTableView.m in Sources */ = {isa = PBXBuildFile; fileRef = 963ED7371D34666C0071BECF /* BaseTableView.m */; };
		963ED7851D34666C0071BECF /* FlexibleHeightMultiTableView.m in Sources */ = {isa = PBXBuildFile; fileRef = 963ED7391D34666C0071BECF /* FlexibleHeightMultiTableView.m */; };
		963ED7861D34666C0071BECF /* FlexibleHeightTableView.m in Sources */ = {isa = PBXBuildFile; fileRef = 963ED73B1D34666C0071BECF /* FlexibleHeightTableView.m */; };
		963ED7871D34666C0071BECF /* SetMealCellModel.m in Sources */ = {isa = PBXBuildFile; fileRef = 963ED73F1D34666C0071BECF /* SetMealCellModel.m */; };
		963ED7881D34666C0071BECF /* SetMealTableView.m in Sources */ = {isa = PBXBuildFile; fileRef = 963ED7411D34666C0071BECF /* SetMealTableView.m */; };
		963ED7891D34666C0071BECF /* SetMealTableViewCell.m in Sources */ = {isa = PBXBuildFile; fileRef = 963ED7431D34666C0071BECF /* SetMealTableViewCell.m */; };
		963ED78A1D34666C0071BECF /* JASDefaultCell.m in Sources */ = {isa = PBXBuildFile; fileRef = 963ED7451D34666C0071BECF /* JASDefaultCell.m */; };
		963ED78B1D34666C0071BECF /* JASDefaultCellModel.m in Sources */ = {isa = PBXBuildFile; fileRef = 963ED7471D34666C0071BECF /* JASDefaultCellModel.m */; };
		963ED78C1D34666C0071BECF /* JASSubtitleCell.m in Sources */ = {isa = PBXBuildFile; fileRef = 963ED7491D34666C0071BECF /* JASSubtitleCell.m */; };
		963ED78D1D34666C0071BECF /* JASSubtitleCellModel.m in Sources */ = {isa = PBXBuildFile; fileRef = 963ED74B1D34666C0071BECF /* JASSubtitleCellModel.m */; };
		963ED78E1D34666C0071BECF /* JASValue1Cell.m in Sources */ = {isa = PBXBuildFile; fileRef = 963ED74D1D34666C0071BECF /* JASValue1Cell.m */; };
		963ED78F1D34666C0071BECF /* JASValue1CellModel.m in Sources */ = {isa = PBXBuildFile; fileRef = 963ED74F1D34666C0071BECF /* JASValue1CellModel.m */; };
		963ED7901D34666C0071BECF /* JASValue2Cell.m in Sources */ = {isa = PBXBuildFile; fileRef = 963ED7511D34666C0071BECF /* JASValue2Cell.m */; };
		963ED7911D34666C0071BECF /* JASValue2CellModel.m in Sources */ = {isa = PBXBuildFile; fileRef = 963ED7531D34666C0071BECF /* JASValue2CellModel.m */; };
		963ED7921D34666C0071BECF /* JASTableViewController.m in Sources */ = {isa = PBXBuildFile; fileRef = 963ED7571D34666C0071BECF /* JASTableViewController.m */; };
		963ED7931D34666C0071BECF /* NSArray+Coder.m in Sources */ = {isa = PBXBuildFile; fileRef = 963ED75F1D34666C0071BECF /* NSArray+Coder.m */; };
		963ED7941D34666C0071BECF /* NSData+Coder.m in Sources */ = {isa = PBXBuildFile; fileRef = 963ED7611D34666C0071BECF /* NSData+Coder.m */; };
		963ED7951D34666C0071BECF /* NSDate+Coder.m in Sources */ = {isa = PBXBuildFile; fileRef = 963ED7631D34666C0071BECF /* NSDate+Coder.m */; };
		963ED7961D34666C0071BECF /* NSDictionary+Coder.m in Sources */ = {isa = PBXBuildFile; fileRef = 963ED7651D34666C0071BECF /* NSDictionary+Coder.m */; };
		963ED7971D34666C0071BECF /* NSObject+Coder.m in Sources */ = {isa = PBXBuildFile; fileRef = 963ED7671D34666C0071BECF /* NSObject+Coder.m */; };
		963ED7981D34666C0071BECF /* NSString+Coder.m in Sources */ = {isa = PBXBuildFile; fileRef = 963ED7691D34666C0071BECF /* NSString+Coder.m */; };
		963ED7991D34666C0071BECF /* NSURL+Coder.m in Sources */ = {isa = PBXBuildFile; fileRef = 963ED76B1D34666C0071BECF /* NSURL+Coder.m */; };
		963ED79A1D34666C0071BECF /* UIDevice+Coder.m in Sources */ = {isa = PBXBuildFile; fileRef = 963ED76D1D34666C0071BECF /* UIDevice+Coder.m */; };
		963ED79B1D34666C0071BECF /* UIImage+Coder.m in Sources */ = {isa = PBXBuildFile; fileRef = 963ED76F1D34666C0071BECF /* UIImage+Coder.m */; };
		963ED79C1D34666C0071BECF /* UIView+Coder.m in Sources */ = {isa = PBXBuildFile; fileRef = 963ED7711D34666C0071BECF /* UIView+Coder.m */; };
		963ED79D1D34666C0071BECF /* UIViewController+Coder.m in Sources */ = {isa = PBXBuildFile; fileRef = 963ED7731D34666C0071BECF /* UIViewController+Coder.m */; };
		963ED79E1D34666C0071BECF /* CircleProgressBar.m in Sources */ = {isa = PBXBuildFile; fileRef = 963ED7781D34666C0071BECF /* CircleProgressBar.m */; };
		96E72F081D30A26000D5A3A9 /* main.m in Sources */ = {isa = PBXBuildFile; fileRef = 96E72F071D30A26000D5A3A9 /* main.m */; };
		96E72F0B1D30A26000D5A3A9 /* AppDelegate.m in Sources */ = {isa = PBXBuildFile; fileRef = 96E72F0A1D30A26000D5A3A9 /* AppDelegate.m */; };
		96E72F0E1D30A26000D5A3A9 /* ViewController.m in Sources */ = {isa = PBXBuildFile; fileRef = 96E72F0D1D30A26000D5A3A9 /* ViewController.m */; };
		96E72F111D30A26000D5A3A9 /* Main.storyboard in Resources */ = {isa = PBXBuildFile; fileRef = 96E72F0F1D30A26000D5A3A9 /* Main.storyboard */; };
		96E72F131D30A26000D5A3A9 /* Assets.xcassets in Resources */ = {isa = PBXBuildFile; fileRef = 96E72F121D30A26000D5A3A9 /* Assets.xcassets */; };
		96E72F161D30A26000D5A3A9 /* LaunchScreen.storyboard in Resources */ = {isa = PBXBuildFile; fileRef = 96E72F141D30A26000D5A3A9 /* LaunchScreen.storyboard */; };
		96E72F211D30A26000D5A3A9 /* DRArtisanTests.m in Sources */ = {isa = PBXBuildFile; fileRef = 96E72F201D30A26000D5A3A9 /* DRArtisanTests.m */; };
		96E72F2C1D30A26000D5A3A9 /* DRArtisanUITests.m in Sources */ = {isa = PBXBuildFile; fileRef = 96E72F2B1D30A26000D5A3A9 /* DRArtisanUITests.m */; };
		96F5F45B1D31502200AB1C03 /* DemoModel.m in Sources */ = {isa = PBXBuildFile; fileRef = 96F5F45A1D31502200AB1C03 /* DemoModel.m */; };
		96F5F45E1D3150A900AB1C03 /* CommentModel.m in Sources */ = {isa = PBXBuildFile; fileRef = 96F5F45D1D3150A900AB1C03 /* CommentModel.m */; };
		99706EE11E51FCB57E22147F /* libPods.a in Frameworks */ = {isa = PBXBuildFile; fileRef = D11050FCD7E4EB553C4621D4 /* libPods.a */; };
/* End PBXBuildFile section */

/* Begin PBXContainerItemProxy section */
		96E72F1D1D30A26000D5A3A9 /* PBXContainerItemProxy */ = {
			isa = PBXContainerItemProxy;
			containerPortal = 96E72EFB1D30A26000D5A3A9 /* Project object */;
			proxyType = 1;
			remoteGlobalIDString = 96E72F021D30A26000D5A3A9;
			remoteInfo = DRArtisan;
		};
		96E72F281D30A26000D5A3A9 /* PBXContainerItemProxy */ = {
			isa = PBXContainerItemProxy;
			containerPortal = 96E72EFB1D30A26000D5A3A9 /* Project object */;
			proxyType = 1;
			remoteGlobalIDString = 96E72F021D30A26000D5A3A9;
			remoteInfo = DRArtisan;
		};
/* End PBXContainerItemProxy section */

/* Begin PBXFileReference section */
		04C5D075614A0BDD6B1FA191 /* Pods.debug.xcconfig */ = {isa = PBXFileReference; includeInIndex = 1; lastKnownFileType = text.xcconfig; name = Pods.debug.xcconfig; path = "Pods/Target Support Files/Pods/Pods.debug.xcconfig"; sourceTree = "<group>"; };
		3127636F46455AFFEAEDA01C /* Pods.release.xcconfig */ = {isa = PBXFileReference; includeInIndex = 1; lastKnownFileType = text.xcconfig; name = Pods.release.xcconfig; path = "Pods/Target Support Files/Pods/Pods.release.xcconfig"; sourceTree = "<group>"; };
		9611CDAC1D3B58A500E47DE7 /* DSNumberLabel.h */ = {isa = PBXFileReference; fileEncoding = 4; lastKnownFileType = sourcecode.c.h; path = DSNumberLabel.h; sourceTree = "<group>"; };
		9611CDAD1D3B58A500E47DE7 /* DSNumberLabel.m */ = {isa = PBXFileReference; fileEncoding = 4; lastKnownFileType = sourcecode.c.objc; path = DSNumberLabel.m; sourceTree = "<group>"; };
		9611CDAE1D3B58A500E47DE7 /* NJDBezierCurve.h */ = {isa = PBXFileReference; fileEncoding = 4; lastKnownFileType = sourcecode.c.h; path = NJDBezierCurve.h; sourceTree = "<group>"; };
		9611CDAF1D3B58A500E47DE7 /* NJDBezierCurve.m */ = {isa = PBXFileReference; fileEncoding = 4; lastKnownFileType = sourcecode.c.objc; path = NJDBezierCurve.m; sourceTree = "<group>"; };
		9611CDB21D3B59E300E47DE7 /* JASUtils.h */ = {isa = PBXFileReference; fileEncoding = 4; lastKnownFileType = sourcecode.c.h; path = JASUtils.h; sourceTree = "<group>"; };
		9611CDB31D3B59E300E47DE7 /* JASUtils.m */ = {isa = PBXFileReference; fileEncoding = 4; lastKnownFileType = sourcecode.c.objc; path = JASUtils.m; sourceTree = "<group>"; };
		963ED7171D34666C0071BECF /* AbstractBaseTableView.h */ = {isa = PBXFileReference; fileEncoding = 4; lastKnownFileType = sourcecode.c.h; path = AbstractBaseTableView.h; sourceTree = "<group>"; };
		963ED7181D34666C0071BECF /* AbstractBaseTableView.m */ = {isa = PBXFileReference; fileEncoding = 4; lastKnownFileType = sourcecode.c.objc; path = AbstractBaseTableView.m; sourceTree = "<group>"; };
		963ED7191D34666C0071BECF /* AbstractCollect.h */ = {isa = PBXFileReference; fileEncoding = 4; lastKnownFileType = sourcecode.c.h; path = AbstractCollect.h; sourceTree = "<group>"; };
		963ED71A1D34666C0071BECF /* AbstractTableViewCollect.h */ = {isa = PBXFileReference; fileEncoding = 4; lastKnownFileType = sourcecode.c.h; path = AbstractTableViewCollect.h; sourceTree = "<group>"; };
		963ED71B1D34666C0071BECF /* BaseTableViewCell.h */ = {isa = PBXFileReference; fileEncoding = 4; lastKnownFileType = sourcecode.c.h; path = BaseTableViewCell.h; sourceTree = "<group>"; };
		963ED71C1D34666C0071BECF /* BaseTableViewCell.m */ = {isa = PBXFileReference; fileEncoding = 4; lastKnownFileType = sourcecode.c.objc; path = BaseTableViewCell.m; sourceTree = "<group>"; };
		963ED71E1D34666C0071BECF /* BaseCollect.h */ = {isa = PBXFileReference; fileEncoding = 4; lastKnownFileType = sourcecode.c.h; path = BaseCollect.h; sourceTree = "<group>"; };
		963ED71F1D34666C0071BECF /* BaseNavigationController.h */ = {isa = PBXFileReference; fileEncoding = 4; lastKnownFileType = sourcecode.c.h; path = BaseNavigationController.h; sourceTree = "<group>"; };
		963ED7201D34666C0071BECF /* BaseNavigationController.m */ = {isa = PBXFileReference; fileEncoding = 4; lastKnownFileType = sourcecode.c.objc; path = BaseNavigationController.m; sourceTree = "<group>"; };
		963ED7211D34666C0071BECF /* BaseObject.h */ = {isa = PBXFileReference; fileEncoding = 4; lastKnownFileType = sourcecode.c.h; path = BaseObject.h; sourceTree = "<group>"; };
		963ED7221D34666C0071BECF /* BaseObject.m */ = {isa = PBXFileReference; fileEncoding = 4; lastKnownFileType = sourcecode.c.objc; path = BaseObject.m; sourceTree = "<group>"; };
		963ED7231D34666C0071BECF /* BasePickerView.h */ = {isa = PBXFileReference; fileEncoding = 4; lastKnownFileType = sourcecode.c.h; path = BasePickerView.h; sourceTree = "<group>"; };
		963ED7241D34666C0071BECF /* BasePickerView.m */ = {isa = PBXFileReference; fileEncoding = 4; lastKnownFileType = sourcecode.c.objc; path = BasePickerView.m; sourceTree = "<group>"; };
		963ED7251D34666C0071BECF /* BaseViewController.h */ = {isa = PBXFileReference; fileEncoding = 4; lastKnownFileType = sourcecode.c.h; path = BaseViewController.h; sourceTree = "<group>"; };
		963ED7261D34666C0071BECF /* BaseViewController.m */ = {isa = PBXFileReference; fileEncoding = 4; lastKnownFileType = sourcecode.c.objc; path = BaseViewController.m; sourceTree = "<group>"; };
		963ED7271D34666C0071BECF /* JASBaseCellModel.h */ = {isa = PBXFileReference; fileEncoding = 4; lastKnownFileType = sourcecode.c.h; path = JASBaseCellModel.h; sourceTree = "<group>"; };
		963ED7281D34666C0071BECF /* JASBaseCellModel.m */ = {isa = PBXFileReference; fileEncoding = 4; lastKnownFileType = sourcecode.c.objc; path = JASBaseCellModel.m; sourceTree = "<group>"; };
		963ED7291D34666C0071BECF /* MultidimensionTableView.h */ = {isa = PBXFileReference; fileEncoding = 4; lastKnownFileType = sourcecode.c.h; path = MultidimensionTableView.h; sourceTree = "<group>"; };
		963ED72A1D34666C0071BECF /* MultidimensionTableView.m */ = {isa = PBXFileReference; fileEncoding = 4; lastKnownFileType = sourcecode.c.objc; path = MultidimensionTableView.m; sourceTree = "<group>"; };
		963ED72B1D34666C0071BECF /* SingledimensionTableView.h */ = {isa = PBXFileReference; fileEncoding = 4; lastKnownFileType = sourcecode.c.h; path = SingledimensionTableView.h; sourceTree = "<group>"; };
		963ED72C1D34666C0071BECF /* SingledimensionTableView.m */ = {isa = PBXFileReference; fileEncoding = 4; lastKnownFileType = sourcecode.c.objc; path = SingledimensionTableView.m; sourceTree = "<group>"; };
		963ED72E1D34666C0071BECF /* DRCore.framework */ = {isa = PBXFileReference; lastKnownFileType = wrapper.framework; path = DRCore.framework; sourceTree = "<group>"; };
		963ED7361D34666C0071BECF /* BaseTableView.h */ = {isa = PBXFileReference; fileEncoding = 4; lastKnownFileType = sourcecode.c.h; path = BaseTableView.h; sourceTree = "<group>"; };
		963ED7371D34666C0071BECF /* BaseTableView.m */ = {isa = PBXFileReference; fileEncoding = 4; lastKnownFileType = sourcecode.c.objc; path = BaseTableView.m; sourceTree = "<group>"; };
		963ED7381D34666C0071BECF /* FlexibleHeightMultiTableView.h */ = {isa = PBXFileReference; fileEncoding = 4; lastKnownFileType = sourcecode.c.h; path = FlexibleHeightMultiTableView.h; sourceTree = "<group>"; };
		963ED7391D34666C0071BECF /* FlexibleHeightMultiTableView.m */ = {isa = PBXFileReference; fileEncoding = 4; lastKnownFileType = sourcecode.c.objc; path = FlexibleHeightMultiTableView.m; sourceTree = "<group>"; };
		963ED73A1D34666C0071BECF /* FlexibleHeightTableView.h */ = {isa = PBXFileReference; fileEncoding = 4; lastKnownFileType = sourcecode.c.h; path = FlexibleHeightTableView.h; sourceTree = "<group>"; };
		963ED73B1D34666C0071BECF /* FlexibleHeightTableView.m */ = {isa = PBXFileReference; fileEncoding = 4; lastKnownFileType = sourcecode.c.objc; path = FlexibleHeightTableView.m; sourceTree = "<group>"; };
		963ED73E1D34666C0071BECF /* SetMealCellModel.h */ = {isa = PBXFileReference; fileEncoding = 4; lastKnownFileType = sourcecode.c.h; path = SetMealCellModel.h; sourceTree = "<group>"; };
		963ED73F1D34666C0071BECF /* SetMealCellModel.m */ = {isa = PBXFileReference; fileEncoding = 4; lastKnownFileType = sourcecode.c.objc; path = SetMealCellModel.m; sourceTree = "<group>"; };
		963ED7401D34666C0071BECF /* SetMealTableView.h */ = {isa = PBXFileReference; fileEncoding = 4; lastKnownFileType = sourcecode.c.h; path = SetMealTableView.h; sourceTree = "<group>"; };
		963ED7411D34666C0071BECF /* SetMealTableView.m */ = {isa = PBXFileReference; fileEncoding = 4; lastKnownFileType = sourcecode.c.objc; path = SetMealTableView.m; sourceTree = "<group>"; };
		963ED7421D34666C0071BECF /* SetMealTableViewCell.h */ = {isa = PBXFileReference; fileEncoding = 4; lastKnownFileType = sourcecode.c.h; path = SetMealTableViewCell.h; sourceTree = "<group>"; };
		963ED7431D34666C0071BECF /* SetMealTableViewCell.m */ = {isa = PBXFileReference; fileEncoding = 4; lastKnownFileType = sourcecode.c.objc; path = SetMealTableViewCell.m; sourceTree = "<group>"; };
		963ED7441D34666C0071BECF /* JASDefaultCell.h */ = {isa = PBXFileReference; fileEncoding = 4; lastKnownFileType = sourcecode.c.h; path = JASDefaultCell.h; sourceTree = "<group>"; };
		963ED7451D34666C0071BECF /* JASDefaultCell.m */ = {isa = PBXFileReference; fileEncoding = 4; lastKnownFileType = sourcecode.c.objc; path = JASDefaultCell.m; sourceTree = "<group>"; };
		963ED7461D34666C0071BECF /* JASDefaultCellModel.h */ = {isa = PBXFileReference; fileEncoding = 4; lastKnownFileType = sourcecode.c.h; path = JASDefaultCellModel.h; sourceTree = "<group>"; };
		963ED7471D34666C0071BECF /* JASDefaultCellModel.m */ = {isa = PBXFileReference; fileEncoding = 4; lastKnownFileType = sourcecode.c.objc; path = JASDefaultCellModel.m; sourceTree = "<group>"; };
		963ED7481D34666C0071BECF /* JASSubtitleCell.h */ = {isa = PBXFileReference; fileEncoding = 4; lastKnownFileType = sourcecode.c.h; path = JASSubtitleCell.h; sourceTree = "<group>"; };
		963ED7491D34666C0071BECF /* JASSubtitleCell.m */ = {isa = PBXFileReference; fileEncoding = 4; lastKnownFileType = sourcecode.c.objc; path = JASSubtitleCell.m; sourceTree = "<group>"; };
		963ED74A1D34666C0071BECF /* JASSubtitleCellModel.h */ = {isa = PBXFileReference; fileEncoding = 4; lastKnownFileType = sourcecode.c.h; path = JASSubtitleCellModel.h; sourceTree = "<group>"; };
		963ED74B1D34666C0071BECF /* JASSubtitleCellModel.m */ = {isa = PBXFileReference; fileEncoding = 4; lastKnownFileType = sourcecode.c.objc; path = JASSubtitleCellModel.m; sourceTree = "<group>"; };
		963ED74C1D34666C0071BECF /* JASValue1Cell.h */ = {isa = PBXFileReference; fileEncoding = 4; lastKnownFileType = sourcecode.c.h; path = JASValue1Cell.h; sourceTree = "<group>"; };
		963ED74D1D34666C0071BECF /* JASValue1Cell.m */ = {isa = PBXFileReference; fileEncoding = 4; lastKnownFileType = sourcecode.c.objc; path = JASValue1Cell.m; sourceTree = "<group>"; };
		963ED74E1D34666C0071BECF /* JASValue1CellModel.h */ = {isa = PBXFileReference; fileEncoding = 4; lastKnownFileType = sourcecode.c.h; path = JASValue1CellModel.h; sourceTree = "<group>"; };
		963ED74F1D34666C0071BECF /* JASValue1CellModel.m */ = {isa = PBXFileReference; fileEncoding = 4; lastKnownFileType = sourcecode.c.objc; path = JASValue1CellModel.m; sourceTree = "<group>"; };
		963ED7501D34666C0071BECF /* JASValue2Cell.h */ = {isa = PBXFileReference; fileEncoding = 4; lastKnownFileType = sourcecode.c.h; path = JASValue2Cell.h; sourceTree = "<group>"; };
		963ED7511D34666C0071BECF /* JASValue2Cell.m */ = {isa = PBXFileReference; fileEncoding = 4; lastKnownFileType = sourcecode.c.objc; path = JASValue2Cell.m; sourceTree = "<group>"; };
		963ED7521D34666C0071BECF /* JASValue2CellModel.h */ = {isa = PBXFileReference; fileEncoding = 4; lastKnownFileType = sourcecode.c.h; path = JASValue2CellModel.h; sourceTree = "<group>"; };
		963ED7531D34666C0071BECF /* JASValue2CellModel.m */ = {isa = PBXFileReference; fileEncoding = 4; lastKnownFileType = sourcecode.c.objc; path = JASValue2CellModel.m; sourceTree = "<group>"; };
		963ED7561D34666C0071BECF /* JASTableViewController.h */ = {isa = PBXFileReference; fileEncoding = 4; lastKnownFileType = sourcecode.c.h; path = JASTableViewController.h; sourceTree = "<group>"; };
		963ED7571D34666C0071BECF /* JASTableViewController.m */ = {isa = PBXFileReference; fileEncoding = 4; lastKnownFileType = sourcecode.c.objc; path = JASTableViewController.m; sourceTree = "<group>"; };
		963ED7591D34666C0071BECF /* GlobalConst.h */ = {isa = PBXFileReference; fileEncoding = 4; lastKnownFileType = sourcecode.c.h; path = GlobalConst.h; sourceTree = "<group>"; };
		963ED75A1D34666C0071BECF /* Prefix.pch */ = {isa = PBXFileReference; fileEncoding = 4; lastKnownFileType = sourcecode.c.h; path = Prefix.pch; sourceTree = "<group>"; };
		963ED75D1D34666C0071BECF /* CategoryCollect.h */ = {isa = PBXFileReference; fileEncoding = 4; lastKnownFileType = sourcecode.c.h; path = CategoryCollect.h; sourceTree = "<group>"; };
		963ED75E1D34666C0071BECF /* NSArray+Coder.h */ = {isa = PBXFileReference; fileEncoding = 4; lastKnownFileType = sourcecode.c.h; path = "NSArray+Coder.h"; sourceTree = "<group>"; };
		963ED75F1D34666C0071BECF /* NSArray+Coder.m */ = {isa = PBXFileReference; fileEncoding = 4; lastKnownFileType = sourcecode.c.objc; path = "NSArray+Coder.m"; sourceTree = "<group>"; };
		963ED7601D34666C0071BECF /* NSData+Coder.h */ = {isa = PBXFileReference; fileEncoding = 4; lastKnownFileType = sourcecode.c.h; path = "NSData+Coder.h"; sourceTree = "<group>"; };
		963ED7611D34666C0071BECF /* NSData+Coder.m */ = {isa = PBXFileReference; fileEncoding = 4; lastKnownFileType = sourcecode.c.objc; path = "NSData+Coder.m"; sourceTree = "<group>"; };
		963ED7621D34666C0071BECF /* NSDate+Coder.h */ = {isa = PBXFileReference; fileEncoding = 4; lastKnownFileType = sourcecode.c.h; path = "NSDate+Coder.h"; sourceTree = "<group>"; };
		963ED7631D34666C0071BECF /* NSDate+Coder.m */ = {isa = PBXFileReference; fileEncoding = 4; lastKnownFileType = sourcecode.c.objc; path = "NSDate+Coder.m"; sourceTree = "<group>"; };
		963ED7641D34666C0071BECF /* NSDictionary+Coder.h */ = {isa = PBXFileReference; fileEncoding = 4; lastKnownFileType = sourcecode.c.h; path = "NSDictionary+Coder.h"; sourceTree = "<group>"; };
		963ED7651D34666C0071BECF /* NSDictionary+Coder.m */ = {isa = PBXFileReference; fileEncoding = 4; lastKnownFileType = sourcecode.c.objc; path = "NSDictionary+Coder.m"; sourceTree = "<group>"; };
		963ED7661D34666C0071BECF /* NSObject+Coder.h */ = {isa = PBXFileReference; fileEncoding = 4; lastKnownFileType = sourcecode.c.h; path = "NSObject+Coder.h"; sourceTree = "<group>"; };
		963ED7671D34666C0071BECF /* NSObject+Coder.m */ = {isa = PBXFileReference; fileEncoding = 4; lastKnownFileType = sourcecode.c.objc; path = "NSObject+Coder.m"; sourceTree = "<group>"; };
		963ED7681D34666C0071BECF /* NSString+Coder.h */ = {isa = PBXFileReference; fileEncoding = 4; lastKnownFileType = sourcecode.c.h; path = "NSString+Coder.h"; sourceTree = "<group>"; };
		963ED7691D34666C0071BECF /* NSString+Coder.m */ = {isa = PBXFileReference; fileEncoding = 4; lastKnownFileType = sourcecode.c.objc; path = "NSString+Coder.m"; sourceTree = "<group>"; };
		963ED76A1D34666C0071BECF /* NSURL+Coder.h */ = {isa = PBXFileReference; fileEncoding = 4; lastKnownFileType = sourcecode.c.h; path = "NSURL+Coder.h"; sourceTree = "<group>"; };
		963ED76B1D34666C0071BECF /* NSURL+Coder.m */ = {isa = PBXFileReference; fileEncoding = 4; lastKnownFileType = sourcecode.c.objc; path = "NSURL+Coder.m"; sourceTree = "<group>"; };
		963ED76C1D34666C0071BECF /* UIDevice+Coder.h */ = {isa = PBXFileReference; fileEncoding = 4; lastKnownFileType = sourcecode.c.h; path = "UIDevice+Coder.h"; sourceTree = "<group>"; };
		963ED76D1D34666C0071BECF /* UIDevice+Coder.m */ = {isa = PBXFileReference; fileEncoding = 4; lastKnownFileType = sourcecode.c.objc; path = "UIDevice+Coder.m"; sourceTree = "<group>"; };
		963ED76E1D34666C0071BECF /* UIImage+Coder.h */ = {isa = PBXFileReference; fileEncoding = 4; lastKnownFileType = sourcecode.c.h; path = "UIImage+Coder.h"; sourceTree = "<group>"; };
		963ED76F1D34666C0071BECF /* UIImage+Coder.m */ = {isa = PBXFileReference; fileEncoding = 4; lastKnownFileType = sourcecode.c.objc; path = "UIImage+Coder.m"; sourceTree = "<group>"; };
		963ED7701D34666C0071BECF /* UIView+Coder.h */ = {isa = PBXFileReference; fileEncoding = 4; lastKnownFileType = sourcecode.c.h; path = "UIView+Coder.h"; sourceTree = "<group>"; };
		963ED7711D34666C0071BECF /* UIView+Coder.m */ = {isa = PBXFileReference; fileEncoding = 4; lastKnownFileType = sourcecode.c.objc; path = "UIView+Coder.m"; sourceTree = "<group>"; };
		963ED7721D34666C0071BECF /* UIViewController+Coder.h */ = {isa = PBXFileReference; fileEncoding = 4; lastKnownFileType = sourcecode.c.h; path = "UIViewController+Coder.h"; sourceTree = "<group>"; };
		963ED7731D34666C0071BECF /* UIViewController+Coder.m */ = {isa = PBXFileReference; fileEncoding = 4; lastKnownFileType = sourcecode.c.objc; path = "UIViewController+Coder.m"; sourceTree = "<group>"; };
		963ED7771D34666C0071BECF /* CircleProgressBar.h */ = {isa = PBXFileReference; fileEncoding = 4; lastKnownFileType = sourcecode.c.h; path = CircleProgressBar.h; sourceTree = "<group>"; };
		963ED7781D34666C0071BECF /* CircleProgressBar.m */ = {isa = PBXFileReference; fileEncoding = 4; lastKnownFileType = sourcecode.c.objc; path = CircleProgressBar.m; sourceTree = "<group>"; };
		96E72F031D30A26000D5A3A9 /* DRArtisan.app */ = {isa = PBXFileReference; explicitFileType = wrapper.application; includeInIndex = 0; path = DRArtisan.app; sourceTree = BUILT_PRODUCTS_DIR; };
		96E72F071D30A26000D5A3A9 /* main.m */ = {isa = PBXFileReference; lastKnownFileType = sourcecode.c.objc; path = main.m; sourceTree = "<group>"; };
		96E72F091D30A26000D5A3A9 /* AppDelegate.h */ = {isa = PBXFileReference; lastKnownFileType = sourcecode.c.h; path = AppDelegate.h; sourceTree = "<group>"; };
		96E72F0A1D30A26000D5A3A9 /* AppDelegate.m */ = {isa = PBXFileReference; lastKnownFileType = sourcecode.c.objc; path = AppDelegate.m; sourceTree = "<group>"; };
		96E72F0C1D30A26000D5A3A9 /* ViewController.h */ = {isa = PBXFileReference; lastKnownFileType = sourcecode.c.h; path = ViewController.h; sourceTree = "<group>"; };
		96E72F0D1D30A26000D5A3A9 /* ViewController.m */ = {isa = PBXFileReference; lastKnownFileType = sourcecode.c.objc; path = ViewController.m; sourceTree = "<group>"; };
		96E72F101D30A26000D5A3A9 /* Base */ = {isa = PBXFileReference; lastKnownFileType = file.storyboard; name = Base; path = Base.lproj/Main.storyboard; sourceTree = "<group>"; };
		96E72F121D30A26000D5A3A9 /* Assets.xcassets */ = {isa = PBXFileReference; lastKnownFileType = folder.assetcatalog; path = Assets.xcassets; sourceTree = "<group>"; };
		96E72F151D30A26000D5A3A9 /* Base */ = {isa = PBXFileReference; lastKnownFileType = file.storyboard; name = Base; path = Base.lproj/LaunchScreen.storyboard; sourceTree = "<group>"; };
		96E72F171D30A26000D5A3A9 /* Info.plist */ = {isa = PBXFileReference; lastKnownFileType = text.plist.xml; path = Info.plist; sourceTree = "<group>"; };
		96E72F1C1D30A26000D5A3A9 /* DRArtisanTests.xctest */ = {isa = PBXFileReference; explicitFileType = wrapper.cfbundle; includeInIndex = 0; path = DRArtisanTests.xctest; sourceTree = BUILT_PRODUCTS_DIR; };
		96E72F201D30A26000D5A3A9 /* DRArtisanTests.m */ = {isa = PBXFileReference; lastKnownFileType = sourcecode.c.objc; path = DRArtisanTests.m; sourceTree = "<group>"; };
		96E72F221D30A26000D5A3A9 /* Info.plist */ = {isa = PBXFileReference; lastKnownFileType = text.plist.xml; path = Info.plist; sourceTree = "<group>"; };
		96E72F271D30A26000D5A3A9 /* DRArtisanUITests.xctest */ = {isa = PBXFileReference; explicitFileType = wrapper.cfbundle; includeInIndex = 0; path = DRArtisanUITests.xctest; sourceTree = BUILT_PRODUCTS_DIR; };
		96E72F2B1D30A26000D5A3A9 /* DRArtisanUITests.m */ = {isa = PBXFileReference; lastKnownFileType = sourcecode.c.objc; path = DRArtisanUITests.m; sourceTree = "<group>"; };
		96E72F2D1D30A26000D5A3A9 /* Info.plist */ = {isa = PBXFileReference; lastKnownFileType = text.plist.xml; path = Info.plist; sourceTree = "<group>"; };
		96F5F4591D31502200AB1C03 /* DemoModel.h */ = {isa = PBXFileReference; fileEncoding = 4; lastKnownFileType = sourcecode.c.h; path = DemoModel.h; sourceTree = "<group>"; };
		96F5F45A1D31502200AB1C03 /* DemoModel.m */ = {isa = PBXFileReference; fileEncoding = 4; lastKnownFileType = sourcecode.c.objc; path = DemoModel.m; sourceTree = "<group>"; };
		96F5F45C1D3150A900AB1C03 /* CommentModel.h */ = {isa = PBXFileReference; fileEncoding = 4; lastKnownFileType = sourcecode.c.h; path = CommentModel.h; sourceTree = "<group>"; };
		96F5F45D1D3150A900AB1C03 /* CommentModel.m */ = {isa = PBXFileReference; fileEncoding = 4; lastKnownFileType = sourcecode.c.objc; path = CommentModel.m; sourceTree = "<group>"; };
		D11050FCD7E4EB553C4621D4 /* libPods.a */ = {isa = PBXFileReference; explicitFileType = archive.ar; includeInIndex = 0; path = libPods.a; sourceTree = BUILT_PRODUCTS_DIR; };
/* End PBXFileReference section */

/* Begin PBXFrameworksBuildPhase section */
		96E72F001D30A26000D5A3A9 /* Frameworks */ = {
			isa = PBXFrameworksBuildPhase;
			buildActionMask = 2147483647;
			files = (
				99706EE11E51FCB57E22147F /* libPods.a in Frameworks */,
				963ED7831D34666C0071BECF /* DRCore.framework in Frameworks */,
			);
			runOnlyForDeploymentPostprocessing = 0;
		};
		96E72F191D30A26000D5A3A9 /* Frameworks */ = {
			isa = PBXFrameworksBuildPhase;
			buildActionMask = 2147483647;
			files = (
			);
			runOnlyForDeploymentPostprocessing = 0;
		};
		96E72F241D30A26000D5A3A9 /* Frameworks */ = {
			isa = PBXFrameworksBuildPhase;
			buildActionMask = 2147483647;
			files = (
			);
			runOnlyForDeploymentPostprocessing = 0;
		};
/* End PBXFrameworksBuildPhase section */

/* Begin PBXGroup section */
		0122A5D4C1C3FD1B622A1D81 /* Frameworks */ = {
			isa = PBXGroup;
			children = (
				D11050FCD7E4EB553C4621D4 /* libPods.a */,
			);
			name = Frameworks;
			sourceTree = "<group>";
		};
		849BF79DFB5E2FCD00B94664 /* Pods */ = {
			isa = PBXGroup;
			children = (
				04C5D075614A0BDD6B1FA191 /* Pods.debug.xcconfig */,
				3127636F46455AFFEAEDA01C /* Pods.release.xcconfig */,
			);
			name = Pods;
			sourceTree = "<group>";
		};
		9611CDAB1D3B58A500E47DE7 /* JumpNumber */ = {
			isa = PBXGroup;
			children = (
				9611CDAC1D3B58A500E47DE7 /* DSNumberLabel.h */,
				9611CDAD1D3B58A500E47DE7 /* DSNumberLabel.m */,
				9611CDAE1D3B58A500E47DE7 /* NJDBezierCurve.h */,
				9611CDAF1D3B58A500E47DE7 /* NJDBezierCurve.m */,
			);
			path = JumpNumber;
			sourceTree = "<group>";
		};
		963ED3C51D32485A0071BECF /* Demo */ = {
			isa = PBXGroup;
			children = (
				96E72F0C1D30A26000D5A3A9 /* ViewController.h */,
				96E72F0D1D30A26000D5A3A9 /* ViewController.m */,
				96F5F4591D31502200AB1C03 /* DemoModel.h */,
				96F5F45A1D31502200AB1C03 /* DemoModel.m */,
				96F5F45C1D3150A900AB1C03 /* CommentModel.h */,
				96F5F45D1D3150A900AB1C03 /* CommentModel.m */,
			);
			name = Demo;
			sourceTree = "<group>";
		};
		963ED7151D34666C0071BECF /* Templates */ = {
			isa = PBXGroup;
			children = (
				963ED7161D34666C0071BECF /* Abstract */,
				963ED71D1D34666C0071BECF /* Base */,
				963ED72D1D34666C0071BECF /* Core */,
				963ED72F1D34666C0071BECF /* Derivative */,
				963ED7581D34666C0071BECF /* Macro */,
				963ED75B1D34666C0071BECF /* Modules */,
			);
			path = Templates;
			sourceTree = "<group>";
		};
		963ED7161D34666C0071BECF /* Abstract */ = {
			isa = PBXGroup;
			children = (
				963ED7171D34666C0071BECF /* AbstractBaseTableView.h */,
				963ED7181D34666C0071BECF /* AbstractBaseTableView.m */,
				963ED7191D34666C0071BECF /* AbstractCollect.h */,
				963ED71A1D34666C0071BECF /* AbstractTableViewCollect.h */,
				963ED71B1D34666C0071BECF /* BaseTableViewCell.h */,
				963ED71C1D34666C0071BECF /* BaseTableViewCell.m */,
			);
			path = Abstract;
			sourceTree = "<group>";
		};
		963ED71D1D34666C0071BECF /* Base */ = {
			isa = PBXGroup;
			children = (
				963ED71E1D34666C0071BECF /* BaseCollect.h */,
				963ED71F1D34666C0071BECF /* BaseNavigationController.h */,
				963ED7201D34666C0071BECF /* BaseNavigationController.m */,
				963ED7211D34666C0071BECF /* BaseObject.h */,
				963ED7221D34666C0071BECF /* BaseObject.m */,
				963ED7231D34666C0071BECF /* BasePickerView.h */,
				963ED7241D34666C0071BECF /* BasePickerView.m */,
				963ED7251D34666C0071BECF /* BaseViewController.h */,
				963ED7261D34666C0071BECF /* BaseViewController.m */,
				963ED7271D34666C0071BECF /* JASBaseCellModel.h */,
				963ED7281D34666C0071BECF /* JASBaseCellModel.m */,
				963ED7291D34666C0071BECF /* MultidimensionTableView.h */,
				963ED72A1D34666C0071BECF /* MultidimensionTableView.m */,
				963ED72B1D34666C0071BECF /* SingledimensionTableView.h */,
				963ED72C1D34666C0071BECF /* SingledimensionTableView.m */,
			);
			path = Base;
			sourceTree = "<group>";
		};
		963ED72D1D34666C0071BECF /* Core */ = {
			isa = PBXGroup;
			children = (
				963ED72E1D34666C0071BECF /* DRCore.framework */,
			);
			path = Core;
			sourceTree = "<group>";
		};
		963ED72F1D34666C0071BECF /* Derivative */ = {
			isa = PBXGroup;
			children = (
				963ED7301D34666C0071BECF /* UIButton */,
				963ED7311D34666C0071BECF /* UICollectionView */,
				963ED7331D34666C0071BECF /* UILabel */,
				963ED7341D34666C0071BECF /* UIScrollView */,
				963ED7351D34666C0071BECF /* UITableView */,
				963ED7541D34666C0071BECF /* UIView */,
				963ED7551D34666C0071BECF /* UIViewController */,
			);
			path = Derivative;
			sourceTree = "<group>";
		};
		963ED7301D34666C0071BECF /* UIButton */ = {
			isa = PBXGroup;
			children = (
			);
			path = UIButton;
			sourceTree = "<group>";
		};
		963ED7311D34666C0071BECF /* UICollectionView */ = {
			isa = PBXGroup;
			children = (
				963ED7321D34666C0071BECF /* UICollectionViewCell */,
			);
			path = UICollectionView;
			sourceTree = "<group>";
		};
		963ED7321D34666C0071BECF /* UICollectionViewCell */ = {
			isa = PBXGroup;
			children = (
			);
			path = UICollectionViewCell;
			sourceTree = "<group>";
		};
		963ED7331D34666C0071BECF /* UILabel */ = {
			isa = PBXGroup;
			children = (
			);
			path = UILabel;
			sourceTree = "<group>";
		};
		963ED7341D34666C0071BECF /* UIScrollView */ = {
			isa = PBXGroup;
			children = (
			);
			path = UIScrollView;
			sourceTree = "<group>";
		};
		963ED7351D34666C0071BECF /* UITableView */ = {
			isa = PBXGroup;
			children = (
				963ED7361D34666C0071BECF /* BaseTableView.h */,
				963ED7371D34666C0071BECF /* BaseTableView.m */,
				963ED7381D34666C0071BECF /* FlexibleHeightMultiTableView.h */,
				963ED7391D34666C0071BECF /* FlexibleHeightMultiTableView.m */,
				963ED73A1D34666C0071BECF /* FlexibleHeightTableView.h */,
				963ED73B1D34666C0071BECF /* FlexibleHeightTableView.m */,
				963ED73C1D34666C0071BECF /* UITableViewCell */,
			);
			path = UITableView;
			sourceTree = "<group>";
		};
		963ED73C1D34666C0071BECF /* UITableViewCell */ = {
			isa = PBXGroup;
			children = (
				963ED73D1D34666C0071BECF /* Flow */,
				963ED7441D34666C0071BECF /* JASDefaultCell.h */,
				963ED7451D34666C0071BECF /* JASDefaultCell.m */,
				963ED7461D34666C0071BECF /* JASDefaultCellModel.h */,
				963ED7471D34666C0071BECF /* JASDefaultCellModel.m */,
				963ED7481D34666C0071BECF /* JASSubtitleCell.h */,
				963ED7491D34666C0071BECF /* JASSubtitleCell.m */,
				963ED74A1D34666C0071BECF /* JASSubtitleCellModel.h */,
				963ED74B1D34666C0071BECF /* JASSubtitleCellModel.m */,
				963ED74C1D34666C0071BECF /* JASValue1Cell.h */,
				963ED74D1D34666C0071BECF /* JASValue1Cell.m */,
				963ED74E1D34666C0071BECF /* JASValue1CellModel.h */,
				963ED74F1D34666C0071BECF /* JASValue1CellModel.m */,
				963ED7501D34666C0071BECF /* JASValue2Cell.h */,
				963ED7511D34666C0071BECF /* JASValue2Cell.m */,
				963ED7521D34666C0071BECF /* JASValue2CellModel.h */,
				963ED7531D34666C0071BECF /* JASValue2CellModel.m */,
			);
			path = UITableViewCell;
			sourceTree = "<group>";
		};
		963ED73D1D34666C0071BECF /* Flow */ = {
			isa = PBXGroup;
			children = (
				963ED73E1D34666C0071BECF /* SetMealCellModel.h */,
				963ED73F1D34666C0071BECF /* SetMealCellModel.m */,
				963ED7401D34666C0071BECF /* SetMealTableView.h */,
				963ED7411D34666C0071BECF /* SetMealTableView.m */,
				963ED7421D34666C0071BECF /* SetMealTableViewCell.h */,
				963ED7431D34666C0071BECF /* SetMealTableViewCell.m */,
			);
			path = Flow;
			sourceTree = "<group>";
		};
		963ED7541D34666C0071BECF /* UIView */ = {
			isa = PBXGroup;
			children = (
			);
			path = UIView;
			sourceTree = "<group>";
		};
		963ED7551D34666C0071BECF /* UIViewController */ = {
			isa = PBXGroup;
			children = (
				963ED7561D34666C0071BECF /* JASTableViewController.h */,
				963ED7571D34666C0071BECF /* JASTableViewController.m */,
			);
			path = UIViewController;
			sourceTree = "<group>";
		};
		963ED7581D34666C0071BECF /* Macro */ = {
			isa = PBXGroup;
			children = (
				963ED7591D34666C0071BECF /* GlobalConst.h */,
				963ED75A1D34666C0071BECF /* Prefix.pch */,
			);
			path = Macro;
			sourceTree = "<group>";
		};
		963ED75B1D34666C0071BECF /* Modules */ = {
			isa = PBXGroup;
			children = (
				963ED75C1D34666C0071BECF /* Category */,
				963ED7741D34666C0071BECF /* Common */,
				963ED7751D34666C0071BECF /* Libs */,
				963ED7791D34666C0071BECF /* Utils */,
			);
			path = Modules;
			sourceTree = "<group>";
		};
		963ED75C1D34666C0071BECF /* Category */ = {
			isa = PBXGroup;
			children = (
				963ED75D1D34666C0071BECF /* CategoryCollect.h */,
				963ED75E1D34666C0071BECF /* NSArray+Coder.h */,
				963ED75F1D34666C0071BECF /* NSArray+Coder.m */,
				963ED7601D34666C0071BECF /* NSData+Coder.h */,
				963ED7611D34666C0071BECF /* NSData+Coder.m */,
				963ED7621D34666C0071BECF /* NSDate+Coder.h */,
				963ED7631D34666C0071BECF /* NSDate+Coder.m */,
				963ED7641D34666C0071BECF /* NSDictionary+Coder.h */,
				963ED7651D34666C0071BECF /* NSDictionary+Coder.m */,
				963ED7661D34666C0071BECF /* NSObject+Coder.h */,
				963ED7671D34666C0071BECF /* NSObject+Coder.m */,
				963ED7681D34666C0071BECF /* NSString+Coder.h */,
				963ED7691D34666C0071BECF /* NSString+Coder.m */,
				963ED76A1D34666C0071BECF /* NSURL+Coder.h */,
				963ED76B1D34666C0071BECF /* NSURL+Coder.m */,
				963ED76C1D34666C0071BECF /* UIDevice+Coder.h */,
				963ED76D1D34666C0071BECF /* UIDevice+Coder.m */,
				963ED76E1D34666C0071BECF /* UIImage+Coder.h */,
				963ED76F1D34666C0071BECF /* UIImage+Coder.m */,
				963ED7701D34666C0071BECF /* UIView+Coder.h */,
				963ED7711D34666C0071BECF /* UIView+Coder.m */,
				963ED7721D34666C0071BECF /* UIViewController+Coder.h */,
				963ED7731D34666C0071BECF /* UIViewController+Coder.m */,
			);
			path = Category;
			sourceTree = "<group>";
		};
		963ED7741D34666C0071BECF /* Common */ = {
			isa = PBXGroup;
			children = (
			);
			path = Common;
			sourceTree = "<group>";
		};
		963ED7751D34666C0071BECF /* Libs */ = {
			isa = PBXGroup;
			children = (
				9611CDAB1D3B58A500E47DE7 /* JumpNumber */,
				963ED7761D34666C0071BECF /* CircleProgressBar */,
			);
			path = Libs;
			sourceTree = "<group>";
		};
		963ED7761D34666C0071BECF /* CircleProgressBar */ = {
			isa = PBXGroup;
			children = (
				963ED7771D34666C0071BECF /* CircleProgressBar.h */,
				963ED7781D34666C0071BECF /* CircleProgressBar.m */,
			);
			path = CircleProgressBar;
			sourceTree = "<group>";
		};
		963ED7791D34666C0071BECF /* Utils */ = {
			isa = PBXGroup;
			children = (
				9611CDB21D3B59E300E47DE7 /* JASUtils.h */,
				9611CDB31D3B59E300E47DE7 /* JASUtils.m */,
			);
			path = Utils;
			sourceTree = "<group>";
		};
		96E72EFA1D30A26000D5A3A9 = {
			isa = PBXGroup;
			children = (
				96E72F051D30A26000D5A3A9 /* DRArtisan */,
				96E72F1F1D30A26000D5A3A9 /* DRArtisanTests */,
				96E72F2A1D30A26000D5A3A9 /* DRArtisanUITests */,
				96E72F041D30A26000D5A3A9 /* Products */,
				849BF79DFB5E2FCD00B94664 /* Pods */,
				0122A5D4C1C3FD1B622A1D81 /* Frameworks */,
			);
			sourceTree = "<group>";
		};
		96E72F041D30A26000D5A3A9 /* Products */ = {
			isa = PBXGroup;
			children = (
				96E72F031D30A26000D5A3A9 /* DRArtisan.app */,
				96E72F1C1D30A26000D5A3A9 /* DRArtisanTests.xctest */,
				96E72F271D30A26000D5A3A9 /* DRArtisanUITests.xctest */,
			);
			name = Products;
			sourceTree = "<group>";
		};
		96E72F051D30A26000D5A3A9 /* DRArtisan */ = {
			isa = PBXGroup;
			children = (
				96E72F391D30A2E900D5A3A9 /* Classes */,
				96E72F061D30A26000D5A3A9 /* Supporting Files */,
			);
			path = DRArtisan;
			sourceTree = "<group>";
		};
		96E72F061D30A26000D5A3A9 /* Supporting Files */ = {
			isa = PBXGroup;
			children = (
				96E72F121D30A26000D5A3A9 /* Assets.xcassets */,
				96E72F141D30A26000D5A3A9 /* LaunchScreen.storyboard */,
				96E72F171D30A26000D5A3A9 /* Info.plist */,
				96E72F071D30A26000D5A3A9 /* main.m */,
			);
			name = "Supporting Files";
			sourceTree = "<group>";
		};
		96E72F1F1D30A26000D5A3A9 /* DRArtisanTests */ = {
			isa = PBXGroup;
			children = (
				96E72F201D30A26000D5A3A9 /* DRArtisanTests.m */,
				96E72F221D30A26000D5A3A9 /* Info.plist */,
			);
			path = DRArtisanTests;
			sourceTree = "<group>";
		};
		96E72F2A1D30A26000D5A3A9 /* DRArtisanUITests */ = {
			isa = PBXGroup;
			children = (
				96E72F2B1D30A26000D5A3A9 /* DRArtisanUITests.m */,
				96E72F2D1D30A26000D5A3A9 /* Info.plist */,
			);
			path = DRArtisanUITests;
			sourceTree = "<group>";
		};
		96E72F391D30A2E900D5A3A9 /* Classes */ = {
			isa = PBXGroup;
			children = (
				963ED7151D34666C0071BECF /* Templates */,
				96E72F6E1D30A3C900D5A3A9 /* Main */,
			);
			name = Classes;
			sourceTree = "<group>";
		};
		96E72F6E1D30A3C900D5A3A9 /* Main */ = {
			isa = PBXGroup;
			children = (
				963ED3C51D32485A0071BECF /* Demo */,
				96E72F091D30A26000D5A3A9 /* AppDelegate.h */,
				96E72F0A1D30A26000D5A3A9 /* AppDelegate.m */,
				96E72F0F1D30A26000D5A3A9 /* Main.storyboard */,
			);
			name = Main;
			sourceTree = "<group>";
		};
/* End PBXGroup section */

/* Begin PBXNativeTarget section */
		96E72F021D30A26000D5A3A9 /* DRArtisan */ = {
			isa = PBXNativeTarget;
			buildConfigurationList = 96E72F301D30A26000D5A3A9 /* Build configuration list for PBXNativeTarget "DRArtisan" */;
			buildPhases = (
				4B6F7A98D5BBB0F1F0346098 /* Check Pods Manifest.lock */,
				96E72EFF1D30A26000D5A3A9 /* Sources */,
				96E72F001D30A26000D5A3A9 /* Frameworks */,
				96E72F011D30A26000D5A3A9 /* Resources */,
				E24ACA7C257E238B7C3D4D4B /* Embed Pods Frameworks */,
				3711E1027FF0AC7577B8E417 /* Copy Pods Resources */,
			);
			buildRules = (
			);
			dependencies = (
			);
			name = DRArtisan;
			productName = DRArtisan;
			productReference = 96E72F031D30A26000D5A3A9 /* DRArtisan.app */;
			productType = "com.apple.product-type.application";
		};
		96E72F1B1D30A26000D5A3A9 /* DRArtisanTests */ = {
			isa = PBXNativeTarget;
			buildConfigurationList = 96E72F331D30A26000D5A3A9 /* Build configuration list for PBXNativeTarget "DRArtisanTests" */;
			buildPhases = (
				96E72F181D30A26000D5A3A9 /* Sources */,
				96E72F191D30A26000D5A3A9 /* Frameworks */,
				96E72F1A1D30A26000D5A3A9 /* Resources */,
			);
			buildRules = (
			);
			dependencies = (
				96E72F1E1D30A26000D5A3A9 /* PBXTargetDependency */,
			);
			name = DRArtisanTests;
			productName = DRArtisanTests;
			productReference = 96E72F1C1D30A26000D5A3A9 /* DRArtisanTests.xctest */;
			productType = "com.apple.product-type.bundle.unit-test";
		};
		96E72F261D30A26000D5A3A9 /* DRArtisanUITests */ = {
			isa = PBXNativeTarget;
			buildConfigurationList = 96E72F361D30A26000D5A3A9 /* Build configuration list for PBXNativeTarget "DRArtisanUITests" */;
			buildPhases = (
				96E72F231D30A26000D5A3A9 /* Sources */,
				96E72F241D30A26000D5A3A9 /* Frameworks */,
				96E72F251D30A26000D5A3A9 /* Resources */,
			);
			buildRules = (
			);
			dependencies = (
				96E72F291D30A26000D5A3A9 /* PBXTargetDependency */,
			);
			name = DRArtisanUITests;
			productName = DRArtisanUITests;
			productReference = 96E72F271D30A26000D5A3A9 /* DRArtisanUITests.xctest */;
			productType = "com.apple.product-type.bundle.ui-testing";
		};
/* End PBXNativeTarget section */

/* Begin PBXProject section */
		96E72EFB1D30A26000D5A3A9 /* Project object */ = {
			isa = PBXProject;
			attributes = {
				LastUpgradeCheck = 0730;
				ORGANIZATIONNAME = DR;
				TargetAttributes = {
					96E72F021D30A26000D5A3A9 = {
						CreatedOnToolsVersion = 7.3.1;
						DevelopmentTeam = F58B2JKMDB;
					};
					96E72F1B1D30A26000D5A3A9 = {
						CreatedOnToolsVersion = 7.3.1;
						TestTargetID = 96E72F021D30A26000D5A3A9;
					};
					96E72F261D30A26000D5A3A9 = {
						CreatedOnToolsVersion = 7.3.1;
						TestTargetID = 96E72F021D30A26000D5A3A9;
					};
				};
			};
			buildConfigurationList = 96E72EFE1D30A26000D5A3A9 /* Build configuration list for PBXProject "DRArtisan" */;
			compatibilityVersion = "Xcode 3.2";
			developmentRegion = English;
			hasScannedForEncodings = 0;
			knownRegions = (
				en,
				Base,
			);
			mainGroup = 96E72EFA1D30A26000D5A3A9;
			productRefGroup = 96E72F041D30A26000D5A3A9 /* Products */;
			projectDirPath = "";
			projectRoot = "";
			targets = (
				96E72F021D30A26000D5A3A9 /* DRArtisan */,
				96E72F1B1D30A26000D5A3A9 /* DRArtisanTests */,
				96E72F261D30A26000D5A3A9 /* DRArtisanUITests */,
			);
		};
/* End PBXProject section */

/* Begin PBXResourcesBuildPhase section */
		96E72F011D30A26000D5A3A9 /* Resources */ = {
			isa = PBXResourcesBuildPhase;
			buildActionMask = 2147483647;
			files = (
				96E72F161D30A26000D5A3A9 /* LaunchScreen.storyboard in Resources */,
				96E72F131D30A26000D5A3A9 /* Assets.xcassets in Resources */,
				96E72F111D30A26000D5A3A9 /* Main.storyboard in Resources */,
			);
			runOnlyForDeploymentPostprocessing = 0;
		};
		96E72F1A1D30A26000D5A3A9 /* Resources */ = {
			isa = PBXResourcesBuildPhase;
			buildActionMask = 2147483647;
			files = (
			);
			runOnlyForDeploymentPostprocessing = 0;
		};
		96E72F251D30A26000D5A3A9 /* Resources */ = {
			isa = PBXResourcesBuildPhase;
			buildActionMask = 2147483647;
			files = (
			);
			runOnlyForDeploymentPostprocessing = 0;
		};
/* End PBXResourcesBuildPhase section */

/* Begin PBXShellScriptBuildPhase section */
		3711E1027FF0AC7577B8E417 /* Copy Pods Resources */ = {
			isa = PBXShellScriptBuildPhase;
			buildActionMask = 2147483647;
			files = (
			);
			inputPaths = (
			);
			name = "Copy Pods Resources";
			outputPaths = (
			);
			runOnlyForDeploymentPostprocessing = 0;
			shellPath = /bin/sh;
			shellScript = "\"${SRCROOT}/Pods/Target Support Files/Pods/Pods-resources.sh\"\n";
			showEnvVarsInLog = 0;
		};
		4B6F7A98D5BBB0F1F0346098 /* Check Pods Manifest.lock */ = {
			isa = PBXShellScriptBuildPhase;
			buildActionMask = 2147483647;
			files = (
			);
			inputPaths = (
			);
			name = "Check Pods Manifest.lock";
			outputPaths = (
			);
			runOnlyForDeploymentPostprocessing = 0;
			shellPath = /bin/sh;
			shellScript = "diff \"${PODS_ROOT}/../Podfile.lock\" \"${PODS_ROOT}/Manifest.lock\" > /dev/null\nif [[ $? != 0 ]] ; then\n    cat << EOM\nerror: The sandbox is not in sync with the Podfile.lock. Run 'pod install' or update your CocoaPods installation.\nEOM\n    exit 1\nfi\n";
			showEnvVarsInLog = 0;
		};
		E24ACA7C257E238B7C3D4D4B /* Embed Pods Frameworks */ = {
			isa = PBXShellScriptBuildPhase;
			buildActionMask = 2147483647;
			files = (
			);
			inputPaths = (
			);
			name = "Embed Pods Frameworks";
			outputPaths = (
			);
			runOnlyForDeploymentPostprocessing = 0;
			shellPath = /bin/sh;
			shellScript = "\"${SRCROOT}/Pods/Target Support Files/Pods/Pods-frameworks.sh\"\n";
			showEnvVarsInLog = 0;
		};
/* End PBXShellScriptBuildPhase section */

/* Begin PBXSourcesBuildPhase section */
		96E72EFF1D30A26000D5A3A9 /* Sources */ = {
			isa = PBXSourcesBuildPhase;
			buildActionMask = 2147483647;
			files = (
				9611CDB41D3B59E300E47DE7 /* JASUtils.m in Sources */,
				963ED7951D34666C0071BECF /* NSDate+Coder.m in Sources */,
				96F5F45B1D31502200AB1C03 /* DemoModel.m in Sources */,
				963ED7871D34666C0071BECF /* SetMealCellModel.m in Sources */,
				963ED77E1D34666C0071BECF /* BasePickerView.m in Sources */,
				963ED77F1D34666C0071BECF /* BaseViewController.m in Sources */,
				963ED7971D34666C0071BECF /* NSObject+Coder.m in Sources */,
				963ED78A1D34666C0071BECF /* JASDefaultCell.m in Sources */,
				963ED7841D34666C0071BECF /* BaseTableView.m in Sources */,
				96F5F45E1D3150A900AB1C03 /* CommentModel.m in Sources */,
				963ED77A1D34666C0071BECF /* AbstractBaseTableView.m in Sources */,
				963ED7961D34666C0071BECF /* NSDictionary+Coder.m in Sources */,
				963ED7901D34666C0071BECF /* JASValue2Cell.m in Sources */,
				9611CDB01D3B58A500E47DE7 /* DSNumberLabel.m in Sources */,
				963ED7911D34666C0071BECF /* JASValue2CellModel.m in Sources */,
				963ED79A1D34666C0071BECF /* UIDevice+Coder.m in Sources */,
				963ED7881D34666C0071BECF /* SetMealTableView.m in Sources */,
				96E72F0E1D30A26000D5A3A9 /* ViewController.m in Sources */,
				963ED79D1D34666C0071BECF /* UIViewController+Coder.m in Sources */,
				963ED78F1D34666C0071BECF /* JASValue1CellModel.m in Sources */,
				963ED7991D34666C0071BECF /* NSURL+Coder.m in Sources */,
				963ED78B1D34666C0071BECF /* JASDefaultCellModel.m in Sources */,
				963ED77C1D34666C0071BECF /* BaseNavigationController.m in Sources */,
				963ED78D1D34666C0071BECF /* JASSubtitleCellModel.m in Sources */,
				963ED79C1D34666C0071BECF /* UIView+Coder.m in Sources */,
				963ED7801D34666C0071BECF /* JASBaseCellModel.m in Sources */,
				963ED78E1D34666C0071BECF /* JASValue1Cell.m in Sources */,
				963ED7921D34666C0071BECF /* JASTableViewController.m in Sources */,
				9611CDB11D3B58A500E47DE7 /* NJDBezierCurve.m in Sources */,
				963ED7821D34666C0071BECF /* SingledimensionTableView.m in Sources */,
				96E72F0B1D30A26000D5A3A9 /* AppDelegate.m in Sources */,
				963ED7851D34666C0071BECF /* FlexibleHeightMultiTableView.m in Sources */,
				963ED79E1D34666C0071BECF /* CircleProgressBar.m in Sources */,
				963ED7941D34666C0071BECF /* NSData+Coder.m in Sources */,
				963ED77B1D34666C0071BECF /* BaseTableViewCell.m in Sources */,
				963ED7891D34666C0071BECF /* SetMealTableViewCell.m in Sources */,
				963ED7931D34666C0071BECF /* NSArray+Coder.m in Sources */,
				963ED79B1D34666C0071BECF /* UIImage+Coder.m in Sources */,
				963ED77D1D34666C0071BECF /* BaseObject.m in Sources */,
				963ED7811D34666C0071BECF /* MultidimensionTableView.m in Sources */,
				96E72F081D30A26000D5A3A9 /* main.m in Sources */,
				963ED7981D34666C0071BECF /* NSString+Coder.m in Sources */,
				963ED78C1D34666C0071BECF /* JASSubtitleCell.m in Sources */,
				963ED7861D34666C0071BECF /* FlexibleHeightTableView.m in Sources */,
			);
			runOnlyForDeploymentPostprocessing = 0;
		};
		96E72F181D30A26000D5A3A9 /* Sources */ = {
			isa = PBXSourcesBuildPhase;
			buildActionMask = 2147483647;
			files = (
				96E72F211D30A26000D5A3A9 /* DRArtisanTests.m in Sources */,
			);
			runOnlyForDeploymentPostprocessing = 0;
		};
		96E72F231D30A26000D5A3A9 /* Sources */ = {
			isa = PBXSourcesBuildPhase;
			buildActionMask = 2147483647;
			files = (
				96E72F2C1D30A26000D5A3A9 /* DRArtisanUITests.m in Sources */,
			);
			runOnlyForDeploymentPostprocessing = 0;
		};
/* End PBXSourcesBuildPhase section */

/* Begin PBXTargetDependency section */
		96E72F1E1D30A26000D5A3A9 /* PBXTargetDependency */ = {
			isa = PBXTargetDependency;
			target = 96E72F021D30A26000D5A3A9 /* DRArtisan */;
			targetProxy = 96E72F1D1D30A26000D5A3A9 /* PBXContainerItemProxy */;
		};
		96E72F291D30A26000D5A3A9 /* PBXTargetDependency */ = {
			isa = PBXTargetDependency;
			target = 96E72F021D30A26000D5A3A9 /* DRArtisan */;
			targetProxy = 96E72F281D30A26000D5A3A9 /* PBXContainerItemProxy */;
		};
/* End PBXTargetDependency section */

/* Begin PBXVariantGroup section */
		96E72F0F1D30A26000D5A3A9 /* Main.storyboard */ = {
			isa = PBXVariantGroup;
			children = (
				96E72F101D30A26000D5A3A9 /* Base */,
			);
			name = Main.storyboard;
			sourceTree = "<group>";
		};
		96E72F141D30A26000D5A3A9 /* LaunchScreen.storyboard */ = {
			isa = PBXVariantGroup;
			children = (
				96E72F151D30A26000D5A3A9 /* Base */,
			);
			name = LaunchScreen.storyboard;
			sourceTree = "<group>";
		};
/* End PBXVariantGroup section */

/* Begin XCBuildConfiguration section */
		96E72F2E1D30A26000D5A3A9 /* Debug */ = {
			isa = XCBuildConfiguration;
			buildSettings = {
				ALWAYS_SEARCH_USER_PATHS = NO;
				CLANG_ANALYZER_NONNULL = YES;
				CLANG_CXX_LANGUAGE_STANDARD = "gnu++0x";
				CLANG_CXX_LIBRARY = "libc++";
				CLANG_ENABLE_MODULES = YES;
				CLANG_ENABLE_OBJC_ARC = YES;
				CLANG_WARN_BOOL_CONVERSION = YES;
				CLANG_WARN_CONSTANT_CONVERSION = YES;
				CLANG_WARN_DIRECT_OBJC_ISA_USAGE = YES_ERROR;
				CLANG_WARN_EMPTY_BODY = YES;
				CLANG_WARN_ENUM_CONVERSION = YES;
				CLANG_WARN_INT_CONVERSION = YES;
				CLANG_WARN_OBJC_ROOT_CLASS = YES_ERROR;
				CLANG_WARN_UNREACHABLE_CODE = YES;
				CLANG_WARN__DUPLICATE_METHOD_MATCH = YES;
				"CODE_SIGN_IDENTITY[sdk=iphoneos*]" = "iPhone Developer";
				COPY_PHASE_STRIP = NO;
				DEBUG_INFORMATION_FORMAT = dwarf;
				ENABLE_STRICT_OBJC_MSGSEND = YES;
				ENABLE_TESTABILITY = YES;
				GCC_C_LANGUAGE_STANDARD = gnu99;
				GCC_DYNAMIC_NO_PIC = NO;
				GCC_NO_COMMON_BLOCKS = YES;
				GCC_OPTIMIZATION_LEVEL = 0;
				GCC_PREPROCESSOR_DEFINITIONS = (
					"DEBUG=1",
					"$(inherited)",
				);
				GCC_WARN_64_TO_32_BIT_CONVERSION = YES;
				GCC_WARN_ABOUT_RETURN_TYPE = YES_ERROR;
				GCC_WARN_UNDECLARED_SELECTOR = YES;
				GCC_WARN_UNINITIALIZED_AUTOS = YES_AGGRESSIVE;
				GCC_WARN_UNUSED_FUNCTION = YES;
				GCC_WARN_UNUSED_VARIABLE = YES;
				IPHONEOS_DEPLOYMENT_TARGET = 9.3;
				MTL_ENABLE_DEBUG_INFO = YES;
				ONLY_ACTIVE_ARCH = YES;
				SDKROOT = iphoneos;
			};
			name = Debug;
		};
		96E72F2F1D30A26000D5A3A9 /* Release */ = {
			isa = XCBuildConfiguration;
			buildSettings = {
				ALWAYS_SEARCH_USER_PATHS = NO;
				CLANG_ANALYZER_NONNULL = YES;
				CLANG_CXX_LANGUAGE_STANDARD = "gnu++0x";
				CLANG_CXX_LIBRARY = "libc++";
				CLANG_ENABLE_MODULES = YES;
				CLANG_ENABLE_OBJC_ARC = YES;
				CLANG_WARN_BOOL_CONVERSION = YES;
				CLANG_WARN_CONSTANT_CONVERSION = YES;
				CLANG_WARN_DIRECT_OBJC_ISA_USAGE = YES_ERROR;
				CLANG_WARN_EMPTY_BODY = YES;
				CLANG_WARN_ENUM_CONVERSION = YES;
				CLANG_WARN_INT_CONVERSION = YES;
				CLANG_WARN_OBJC_ROOT_CLASS = YES_ERROR;
				CLANG_WARN_UNREACHABLE_CODE = YES;
				CLANG_WARN__DUPLICATE_METHOD_MATCH = YES;
				"CODE_SIGN_IDENTITY[sdk=iphoneos*]" = "iPhone Developer";
				COPY_PHASE_STRIP = NO;
				DEBUG_INFORMATION_FORMAT = "dwarf-with-dsym";
				ENABLE_NS_ASSERTIONS = NO;
				ENABLE_STRICT_OBJC_MSGSEND = YES;
				GCC_C_LANGUAGE_STANDARD = gnu99;
				GCC_NO_COMMON_BLOCKS = YES;
				GCC_WARN_64_TO_32_BIT_CONVERSION = YES;
				GCC_WARN_ABOUT_RETURN_TYPE = YES_ERROR;
				GCC_WARN_UNDECLARED_SELECTOR = YES;
				GCC_WARN_UNINITIALIZED_AUTOS = YES_AGGRESSIVE;
				GCC_WARN_UNUSED_FUNCTION = YES;
				GCC_WARN_UNUSED_VARIABLE = YES;
				IPHONEOS_DEPLOYMENT_TARGET = 9.3;
				MTL_ENABLE_DEBUG_INFO = NO;
				SDKROOT = iphoneos;
				VALIDATE_PRODUCT = YES;
			};
			name = Release;
		};
		96E72F311D30A26000D5A3A9 /* Debug */ = {
			isa = XCBuildConfiguration;
			baseConfigurationReference = 04C5D075614A0BDD6B1FA191 /* Pods.debug.xcconfig */;
			buildSettings = {
				ASSETCATALOG_COMPILER_APPICON_NAME = AppIcon;
				CODE_SIGN_IDENTITY = "iPhone Developer";
				"CODE_SIGN_IDENTITY[sdk=iphoneos*]" = "iPhone Developer";
				FRAMEWORK_SEARCH_PATHS = (
					"$(inherited)",
					"$(PROJECT_DIR)/DRArtisan/Templates/Core/Private",
					"$(PROJECT_DIR)/DRArtisan/Templates/Core",
				);
				GCC_PREFIX_HEADER = DRArtisan/Templates/Macro/Prefix.pch;
				INFOPLIST_FILE = DRArtisan/Info.plist;
				IPHONEOS_DEPLOYMENT_TARGET = 7.0;
				LD_RUNPATH_SEARCH_PATHS = "$(inherited) @executable_path/Frameworks";
				PRODUCT_BUNDLE_IDENTIFIER = com.lq.jason999;
				PRODUCT_NAME = "$(TARGET_NAME)";
				PROVISIONING_PROFILE = "";
			};
			name = Debug;
		};
		96E72F321D30A26000D5A3A9 /* Release */ = {
			isa = XCBuildConfiguration;
			baseConfigurationReference = 3127636F46455AFFEAEDA01C /* Pods.release.xcconfig */;
			buildSettings = {
				ASSETCATALOG_COMPILER_APPICON_NAME = AppIcon;
				CODE_SIGN_IDENTITY = "iPhone Developer";
				"CODE_SIGN_IDENTITY[sdk=iphoneos*]" = "iPhone Developer";
				FRAMEWORK_SEARCH_PATHS = (
					"$(inherited)",
					"$(PROJECT_DIR)/DRArtisan/Templates/Core/Private",
					"$(PROJECT_DIR)/DRArtisan/Templates/Core",
				);
				GCC_PREFIX_HEADER = DRArtisan/Templates/Macro/Prefix.pch;
				INFOPLIST_FILE = DRArtisan/Info.plist;
				IPHONEOS_DEPLOYMENT_TARGET = 7.0;
				LD_RUNPATH_SEARCH_PATHS = "$(inherited) @executable_path/Frameworks";
				PRODUCT_BUNDLE_IDENTIFIER = com.lq.jason999;
				PRODUCT_NAME = "$(TARGET_NAME)";
				PROVISIONING_PROFILE = "";
			};
			name = Release;
		};
		96E72F341D30A26000D5A3A9 /* Debug */ = {
			isa = XCBuildConfiguration;
			buildSettings = {
				BUNDLE_LOADER = "$(TEST_HOST)";
				INFOPLIST_FILE = DRArtisanTests/Info.plist;
				LD_RUNPATH_SEARCH_PATHS = "$(inherited) @executable_path/Frameworks @loader_path/Frameworks";
				PRODUCT_BUNDLE_IDENTIFIER = com.coder.ios.object.DRArtisanTests;
				PRODUCT_NAME = "$(TARGET_NAME)";
				TEST_HOST = "$(BUILT_PRODUCTS_DIR)/DRArtisan.app/DRArtisan";
			};
			name = Debug;
		};
		96E72F351D30A26000D5A3A9 /* Release */ = {
			isa = XCBuildConfiguration;
			buildSettings = {
				BUNDLE_LOADER = "$(TEST_HOST)";
				INFOPLIST_FILE = DRArtisanTests/Info.plist;
				LD_RUNPATH_SEARCH_PATHS = "$(inherited) @executable_path/Frameworks @loader_path/Frameworks";
				PRODUCT_BUNDLE_IDENTIFIER = com.coder.ios.object.DRArtisanTests;
				PRODUCT_NAME = "$(TARGET_NAME)";
				TEST_HOST = "$(BUILT_PRODUCTS_DIR)/DRArtisan.app/DRArtisan";
			};
			name = Release;
		};
		96E72F371D30A26000D5A3A9 /* Debug */ = {
			isa = XCBuildConfiguration;
			buildSettings = {
				INFOPLIST_FILE = DRArtisanUITests/Info.plist;
				LD_RUNPATH_SEARCH_PATHS = "$(inherited) @executable_path/Frameworks @loader_path/Frameworks";
				PRODUCT_BUNDLE_IDENTIFIER = com.coder.ios.object.DRArtisanUITests;
				PRODUCT_NAME = "$(TARGET_NAME)";
				TEST_TARGET_NAME = DRArtisan;
			};
			name = Debug;
		};
		96E72F381D30A26000D5A3A9 /* Release */ = {
			isa = XCBuildConfiguration;
			buildSettings = {
				INFOPLIST_FILE = DRArtisanUITests/Info.plist;
				LD_RUNPATH_SEARCH_PATHS = "$(inherited) @executable_path/Frameworks @loader_path/Frameworks";
				PRODUCT_BUNDLE_IDENTIFIER = com.coder.ios.object.DRArtisanUITests;
				PRODUCT_NAME = "$(TARGET_NAME)";
				TEST_TARGET_NAME = DRArtisan;
			};
			name = Release;
		};
/* End XCBuildConfiguration section */

/* Begin XCConfigurationList section */
		96E72EFE1D30A26000D5A3A9 /* Build configuration list for PBXProject "DRArtisan" */ = {
			isa = XCConfigurationList;
			buildConfigurations = (
				96E72F2E1D30A26000D5A3A9 /* Debug */,
				96E72F2F1D30A26000D5A3A9 /* Release */,
			);
			defaultConfigurationIsVisible = 0;
			defaultConfigurationName = Release;
		};
		96E72F301D30A26000D5A3A9 /* Build configuration list for PBXNativeTarget "DRArtisan" */ = {
			isa = XCConfigurationList;
			buildConfigurations = (
				96E72F311D30A26000D5A3A9 /* Debug */,
				96E72F321D30A26000D5A3A9 /* Release */,
			);
			defaultConfigurationIsVisible = 0;
			defaultConfigurationName = Release;
		};
		96E72F331D30A26000D5A3A9 /* Build configuration list for PBXNativeTarget "DRArtisanTests" */ = {
			isa = XCConfigurationList;
			buildConfigurations = (
				96E72F341D30A26000D5A3A9 /* Debug */,
				96E72F351D30A26000D5A3A9 /* Release */,
			);
			defaultConfigurationIsVisible = 0;
			defaultConfigurationName = Release;
		};
		96E72F361D30A26000D5A3A9 /* Build configuration list for PBXNativeTarget "DRArtisanUITests" */ = {
			isa = XCConfigurationList;
			buildConfigurations = (
				96E72F371D30A26000D5A3A9 /* Debug */,
				96E72F381D30A26000D5A3A9 /* Release */,
			);
			defaultConfigurationIsVisible = 0;
			defaultConfigurationName = Release;
		};
/* End XCConfigurationList section */
	};
	rootObject = 96E72EFB1D30A26000D5A3A9 /* Project object */;
}
